// !$*UTF8*$!
{
	archiveVersion = 1;
	classes = {
	};
	objectVersion = 55;
	objects = {

/* Begin PBXBuildFile section */
		6BAF81352ABD3BA000361672 /* AppDelegate.swift in Sources */ = {isa = PBXBuildFile; fileRef = 6BAF81342ABD3BA000361672 /* AppDelegate.swift */; };
		6BAF81372ABD3BA000361672 /* SceneDelegate.swift in Sources */ = {isa = PBXBuildFile; fileRef = 6BAF81362ABD3BA000361672 /* SceneDelegate.swift */; };
		6BAF81392ABD3BA000361672 /* ViewController.swift in Sources */ = {isa = PBXBuildFile; fileRef = 6BAF81382ABD3BA000361672 /* ViewController.swift */; };
		6BAF813C2ABD3BA000361672 /* Main.storyboard in Resources */ = {isa = PBXBuildFile; fileRef = 6BAF813A2ABD3BA000361672 /* Main.storyboard */; };
		6BAF813E2ABD3BA600361672 /* Assets.xcassets in Resources */ = {isa = PBXBuildFile; fileRef = 6BAF813D2ABD3BA600361672 /* Assets.xcassets */; };
		6BAF81412ABD3BA600361672 /* LaunchScreen.storyboard in Resources */ = {isa = PBXBuildFile; fileRef = 6BAF813F2ABD3BA600361672 /* LaunchScreen.storyboard */; };
		6BAF814C2ABD3BA700361672 /* UntilTestTests.swift in Sources */ = {isa = PBXBuildFile; fileRef = 6BAF814B2ABD3BA700361672 /* UntilTestTests.swift */; };
		6BAF81562ABD3BA700361672 /* UntilTestUITests.swift in Sources */ = {isa = PBXBuildFile; fileRef = 6BAF81552ABD3BA700361672 /* UntilTestUITests.swift */; };
		6BAF81582ABD3BA700361672 /* UntilTestUITestsLaunchTests.swift in Sources */ = {isa = PBXBuildFile; fileRef = 6BAF81572ABD3BA700361672 /* UntilTestUITestsLaunchTests.swift */; };
		6BAF81652ABD3BCF00361672 /* MathTool.swift in Sources */ = {isa = PBXBuildFile; fileRef = 6BAF81642ABD3BCF00361672 /* MathTool.swift */; };
/* End PBXBuildFile section */

/* Begin PBXContainerItemProxy section */
		6BAF81482ABD3BA700361672 /* PBXContainerItemProxy */ = {
			isa = PBXContainerItemProxy;
			containerPortal = 6BAF81292ABD3BA000361672 /* Project object */;
			proxyType = 1;
			remoteGlobalIDString = 6BAF81302ABD3BA000361672;
			remoteInfo = UntilTest;
		};
		6BAF81522ABD3BA700361672 /* PBXContainerItemProxy */ = {
			isa = PBXContainerItemProxy;
			containerPortal = 6BAF81292ABD3BA000361672 /* Project object */;
			proxyType = 1;
			remoteGlobalIDString = 6BAF81302ABD3BA000361672;
			remoteInfo = UntilTest;
		};
/* End PBXContainerItemProxy section */

/* Begin PBXFileReference section */
		6BAF81312ABD3BA000361672 /* UntilTest.app */ = {isa = PBXFileReference; explicitFileType = wrapper.application; includeInIndex = 0; path = UntilTest.app; sourceTree = BUILT_PRODUCTS_DIR; };
		6BAF81342ABD3BA000361672 /* AppDelegate.swift */ = {isa = PBXFileReference; lastKnownFileType = sourcecode.swift; path = AppDelegate.swift; sourceTree = "<group>"; };
		6BAF81362ABD3BA000361672 /* SceneDelegate.swift */ = {isa = PBXFileReference; lastKnownFileType = sourcecode.swift; path = SceneDelegate.swift; sourceTree = "<group>"; };
		6BAF81382ABD3BA000361672 /* ViewController.swift */ = {isa = PBXFileReference; lastKnownFileType = sourcecode.swift; path = ViewController.swift; sourceTree = "<group>"; };
		6BAF813B2ABD3BA000361672 /* Base */ = {isa = PBXFileReference; lastKnownFileType = file.storyboard; name = Base; path = Base.lproj/Main.storyboard; sourceTree = "<group>"; };
		6BAF813D2ABD3BA600361672 /* Assets.xcassets */ = {isa = PBXFileReference; lastKnownFileType = folder.assetcatalog; path = Assets.xcassets; sourceTree = "<group>"; };
		6BAF81402ABD3BA600361672 /* Base */ = {isa = PBXFileReference; lastKnownFileType = file.storyboard; name = Base; path = Base.lproj/LaunchScreen.storyboard; sourceTree = "<group>"; };
		6BAF81422ABD3BA600361672 /* Info.plist */ = {isa = PBXFileReference; lastKnownFileType = text.plist.xml; path = Info.plist; sourceTree = "<group>"; };
		6BAF81472ABD3BA700361672 /* UntilTestTests.xctest */ = {isa = PBXFileReference; explicitFileType = wrapper.cfbundle; includeInIndex = 0; path = UntilTestTests.xctest; sourceTree = BUILT_PRODUCTS_DIR; };
		6BAF814B2ABD3BA700361672 /* UntilTestTests.swift */ = {isa = PBXFileReference; lastKnownFileType = sourcecode.swift; path = UntilTestTests.swift; sourceTree = "<group>"; };
		6BAF81512ABD3BA700361672 /* UntilTestUITests.xctest */ = {isa = PBXFileReference; explicitFileType = wrapper.cfbundle; includeInIndex = 0; path = UntilTestUITests.xctest; sourceTree = BUILT_PRODUCTS_DIR; };
		6BAF81552ABD3BA700361672 /* UntilTestUITests.swift */ = {isa = PBXFileReference; lastKnownFileType = sourcecode.swift; path = UntilTestUITests.swift; sourceTree = "<group>"; };
		6BAF81572ABD3BA700361672 /* UntilTestUITestsLaunchTests.swift */ = {isa = PBXFileReference; lastKnownFileType = sourcecode.swift; path = UntilTestUITestsLaunchTests.swift; sourceTree = "<group>"; };
		6BAF81642ABD3BCF00361672 /* MathTool.swift */ = {isa = PBXFileReference; lastKnownFileType = sourcecode.swift; path = MathTool.swift; sourceTree = "<group>"; };
/* End PBXFileReference section */

/* Begin PBXFrameworksBuildPhase section */
		6BAF812E2ABD3BA000361672 /* Frameworks */ = {
			isa = PBXFrameworksBuildPhase;
			buildActionMask = 2147483647;
			files = (
			);
			runOnlyForDeploymentPostprocessing = 0;
		};
		6BAF81442ABD3BA700361672 /* Frameworks */ = {
			isa = PBXFrameworksBuildPhase;
			buildActionMask = 2147483647;
			files = (
			);
			runOnlyForDeploymentPostprocessing = 0;
		};
		6BAF814E2ABD3BA700361672 /* Frameworks */ = {
			isa = PBXFrameworksBuildPhase;
			buildActionMask = 2147483647;
			files = (
			);
			runOnlyForDeploymentPostprocessing = 0;
		};
/* End PBXFrameworksBuildPhase section */

/* Begin PBXGroup section */
		6BAF81282ABD3BA000361672 = {
			isa = PBXGroup;
			children = (
				6BAF81332ABD3BA000361672 /* UntilTest */,
				6BAF814A2ABD3BA700361672 /* UntilTestTests */,
				6BAF81542ABD3BA700361672 /* UntilTestUITests */,
				6BAF81322ABD3BA000361672 /* Products */,
			);
			sourceTree = "<group>";
		};
		6BAF81322ABD3BA000361672 /* Products */ = {
			isa = PBXGroup;
			children = (
				6BAF81312ABD3BA000361672 /* UntilTest.app */,
				6BAF81472ABD3BA700361672 /* UntilTestTests.xctest */,
				6BAF81512ABD3BA700361672 /* UntilTestUITests.xctest */,
			);
			name = Products;
			sourceTree = "<group>";
		};
		6BAF81332ABD3BA000361672 /* UntilTest */ = {
			isa = PBXGroup;
			children = (
				6BAF81342ABD3BA000361672 /* AppDelegate.swift */,
				6BAF81362ABD3BA000361672 /* SceneDelegate.swift */,
				6BAF81382ABD3BA000361672 /* ViewController.swift */,
				6BAF813A2ABD3BA000361672 /* Main.storyboard */,
				6BAF813D2ABD3BA600361672 /* Assets.xcassets */,
				6BAF813F2ABD3BA600361672 /* LaunchScreen.storyboard */,
				6BAF81422ABD3BA600361672 /* Info.plist */,
				6BAF81642ABD3BCF00361672 /* MathTool.swift */,
			);
			path = UntilTest;
			sourceTree = "<group>";
		};
		6BAF814A2ABD3BA700361672 /* UntilTestTests */ = {
			isa = PBXGroup;
			children = (
				6BAF814B2ABD3BA700361672 /* UntilTestTests.swift */,
			);
			path = UntilTestTests;
			sourceTree = "<group>";
		};
		6BAF81542ABD3BA700361672 /* UntilTestUITests */ = {
			isa = PBXGroup;
			children = (
				6BAF81552ABD3BA700361672 /* UntilTestUITests.swift */,
				6BAF81572ABD3BA700361672 /* UntilTestUITestsLaunchTests.swift */,
			);
			path = UntilTestUITests;
			sourceTree = "<group>";
		};
/* End PBXGroup section */

/* Begin PBXNativeTarget section */
		6BAF81302ABD3BA000361672 /* UntilTest */ = {
			isa = PBXNativeTarget;
			buildConfigurationList = 6BAF815B2ABD3BA700361672 /* Build configuration list for PBXNativeTarget "UntilTest" */;
			buildPhases = (
				6BAF812D2ABD3BA000361672 /* Sources */,
				6BAF812E2ABD3BA000361672 /* Frameworks */,
				6BAF812F2ABD3BA000361672 /* Resources */,
			);
			buildRules = (
			);
			dependencies = (
			);
			name = UntilTest;
			productName = UntilTest;
			productReference = 6BAF81312ABD3BA000361672 /* UntilTest.app */;
			productType = "com.apple.product-type.application";
		};
		6BAF81462ABD3BA700361672 /* UntilTestTests */ = {
			isa = PBXNativeTarget;
			buildConfigurationList = 6BAF815E2ABD3BA700361672 /* Build configuration list for PBXNativeTarget "UntilTestTests" */;
			buildPhases = (
				6BAF81432ABD3BA700361672 /* Sources */,
				6BAF81442ABD3BA700361672 /* Frameworks */,
				6BAF81452ABD3BA700361672 /* Resources */,
			);
			buildRules = (
			);
			dependencies = (
				6BAF81492ABD3BA700361672 /* PBXTargetDependency */,
			);
			name = UntilTestTests;
			productName = UntilTestTests;
			productReference = 6BAF81472ABD3BA700361672 /* UntilTestTests.xctest */;
			productType = "com.apple.product-type.bundle.unit-test";
		};
		6BAF81502ABD3BA700361672 /* UntilTestUITests */ = {
			isa = PBXNativeTarget;
			buildConfigurationList = 6BAF81612ABD3BA700361672 /* Build configuration list for PBXNativeTarget "UntilTestUITests" */;
			buildPhases = (
				6BAF814D2ABD3BA700361672 /* Sources */,
				6BAF814E2ABD3BA700361672 /* Frameworks */,
				6BAF814F2ABD3BA700361672 /* Resources */,
			);
			buildRules = (
			);
			dependencies = (
				6BAF81532ABD3BA700361672 /* PBXTargetDependency */,
			);
			name = UntilTestUITests;
			productName = UntilTestUITests;
			productReference = 6BAF81512ABD3BA700361672 /* UntilTestUITests.xctest */;
			productType = "com.apple.product-type.bundle.ui-testing";
		};
/* End PBXNativeTarget section */

/* Begin PBXProject section */
		6BAF81292ABD3BA000361672 /* Project object */ = {
			isa = PBXProject;
			attributes = {
				BuildIndependentTargetsInParallel = 1;
				LastSwiftUpdateCheck = 1320;
				LastUpgradeCheck = 1320;
				TargetAttributes = {
					6BAF81302ABD3BA000361672 = {
						CreatedOnToolsVersion = 13.2.1;
					};
					6BAF81462ABD3BA700361672 = {
						CreatedOnToolsVersion = 13.2.1;
						TestTargetID = 6BAF81302ABD3BA000361672;
					};
					6BAF81502ABD3BA700361672 = {
						CreatedOnToolsVersion = 13.2.1;
						TestTargetID = 6BAF81302ABD3BA000361672;
					};
				};
			};
			buildConfigurationList = 6BAF812C2ABD3BA000361672 /* Build configuration list for PBXProject "UntilTest" */;
			compatibilityVersion = "Xcode 13.0";
			developmentRegion = en;
			hasScannedForEncodings = 0;
			knownRegions = (
				en,
				Base,
			);
			mainGroup = 6BAF81282ABD3BA000361672;
			productRefGroup = 6BAF81322ABD3BA000361672 /* Products */;
			projectDirPath = "";
			projectRoot = "";
			targets = (
				6BAF81302ABD3BA000361672 /* UntilTest */,
				6BAF81462ABD3BA700361672 /* UntilTestTests */,
				6BAF81502ABD3BA700361672 /* UntilTestUITests */,
			);
		};
/* End PBXProject section */

/* Begin PBXResourcesBuildPhase section */
		6BAF812F2ABD3BA000361672 /* Resources */ = {
			isa = PBXResourcesBuildPhase;
			buildActionMask = 2147483647;
			files = (
				6BAF81412ABD3BA600361672 /* LaunchScreen.storyboard in Resources */,
				6BAF813E2ABD3BA600361672 /* Assets.xcassets in Resources */,
				6BAF813C2ABD3BA000361672 /* Main.storyboard in Resources */,
			);
			runOnlyForDeploymentPostprocessing = 0;
		};
		6BAF81452ABD3BA700361672 /* Resources */ = {
			isa = PBXResourcesBuildPhase;
			buildActionMask = 2147483647;
			files = (
			);
			runOnlyForDeploymentPostprocessing = 0;
		};
		6BAF814F2ABD3BA700361672 /* Resources */ = {
			isa = PBXResourcesBuildPhase;
			buildActionMask = 2147483647;
			files = (
			);
			runOnlyForDeploymentPostprocessing = 0;
		};
/* End PBXResourcesBuildPhase section */

/* Begin PBXSourcesBuildPhase section */
		6BAF812D2ABD3BA000361672 /* Sources */ = {
			isa = PBXSourcesBuildPhase;
			buildActionMask = 2147483647;
			files = (
				6BAF81392ABD3BA000361672 /* ViewController.swift in Sources */,
				6BAF81652ABD3BCF00361672 /* MathTool.swift in Sources */,
				6BAF81352ABD3BA000361672 /* AppDelegate.swift in Sources */,
				6BAF81372ABD3BA000361672 /* SceneDelegate.swift in Sources */,
			);
			runOnlyForDeploymentPostprocessing = 0;
		};
		6BAF81432ABD3BA700361672 /* Sources */ = {
			isa = PBXSourcesBuildPhase;
			buildActionMask = 2147483647;
			files = (
				6BAF814C2ABD3BA700361672 /* UntilTestTests.swift in Sources */,
			);
			runOnlyForDeploymentPostprocessing = 0;
		};
		6BAF814D2ABD3BA700361672 /* Sources */ = {
			isa = PBXSourcesBuildPhase;
			buildActionMask = 2147483647;
			files = (
				6BAF81562ABD3BA700361672 /* UntilTestUITests.swift in Sources */,
				6BAF81582ABD3BA700361672 /* UntilTestUITestsLaunchTests.swift in Sources */,
			);
			runOnlyForDeploymentPostprocessing = 0;
		};
/* End PBXSourcesBuildPhase section */

/* Begin PBXTargetDependency section */
		6BAF81492ABD3BA700361672 /* PBXTargetDependency */ = {
			isa = PBXTargetDependency;
			target = 6BAF81302ABD3BA000361672 /* UntilTest */;
			targetProxy = 6BAF81482ABD3BA700361672 /* PBXContainerItemProxy */;
		};
		6BAF81532ABD3BA700361672 /* PBXTargetDependency */ = {
			isa = PBXTargetDependency;
			target = 6BAF81302ABD3BA000361672 /* UntilTest */;
			targetProxy = 6BAF81522ABD3BA700361672 /* PBXContainerItemProxy */;
		};
/* End PBXTargetDependency section */

/* Begin PBXVariantGroup section */
		6BAF813A2ABD3BA000361672 /* Main.storyboard */ = {
			isa = PBXVariantGroup;
			children = (
				6BAF813B2ABD3BA000361672 /* Base */,
			);
			name = Main.storyboard;
			sourceTree = "<group>";
		};
		6BAF813F2ABD3BA600361672 /* LaunchScreen.storyboard */ = {
			isa = PBXVariantGroup;
			children = (
				6BAF81402ABD3BA600361672 /* Base */,
			);
			name = LaunchScreen.storyboard;
			sourceTree = "<group>";
		};
/* End PBXVariantGroup section */

/* Begin XCBuildConfiguration section */
		6BAF81592ABD3BA700361672 /* Debug */ = {
			isa = XCBuildConfiguration;
			buildSettings = {
				ALWAYS_SEARCH_USER_PATHS = NO;
				CLANG_ANALYZER_NONNULL = YES;
				CLANG_ANALYZER_NUMBER_OBJECT_CONVERSION = YES_AGGRESSIVE;
				CLANG_CXX_LANGUAGE_STANDARD = "gnu++17";
				CLANG_CXX_LIBRARY = "libc++";
				CLANG_ENABLE_MODULES = YES;
				CLANG_ENABLE_OBJC_ARC = YES;
				CLANG_ENABLE_OBJC_WEAK = YES;
				CLANG_WARN_BLOCK_CAPTURE_AUTORELEASING = YES;
				CLANG_WARN_BOOL_CONVERSION = YES;
				CLANG_WARN_COMMA = YES;
				CLANG_WARN_CONSTANT_CONVERSION = YES;
				CLANG_WARN_DEPRECATED_OBJC_IMPLEMENTATIONS = YES;
				CLANG_WARN_DIRECT_OBJC_ISA_USAGE = YES_ERROR;
				CLANG_WARN_DOCUMENTATION_COMMENTS = YES;
				CLANG_WARN_EMPTY_BODY = YES;
				CLANG_WARN_ENUM_CONVERSION = YES;
				CLANG_WARN_INFINITE_RECURSION = YES;
				CLANG_WARN_INT_CONVERSION = YES;
				CLANG_WARN_NON_LITERAL_NULL_CONVERSION = YES;
				CLANG_WARN_OBJC_IMPLICIT_RETAIN_SELF = YES;
				CLANG_WARN_OBJC_LITERAL_CONVERSION = YES;
				CLANG_WARN_OBJC_ROOT_CLASS = YES_ERROR;
				CLANG_WARN_QUOTED_INCLUDE_IN_FRAMEWORK_HEADER = YES;
				CLANG_WARN_RANGE_LOOP_ANALYSIS = YES;
				CLANG_WARN_STRICT_PROTOTYPES = YES;
				CLANG_WARN_SUSPICIOUS_MOVE = YES;
				CLANG_WARN_UNGUARDED_AVAILABILITY = YES_AGGRESSIVE;
				CLANG_WARN_UNREACHABLE_CODE = YES;
				CLANG_WARN__DUPLICATE_METHOD_MATCH = YES;
				COPY_PHASE_STRIP = NO;
				DEBUG_INFORMATION_FORMAT = dwarf;
				ENABLE_STRICT_OBJC_MSGSEND = YES;
				ENABLE_TESTABILITY = YES;
				GCC_C_LANGUAGE_STANDARD = gnu11;
				GCC_DYNAMIC_NO_PIC = NO;
				GCC_NO_COMMON_BLOCKS = YES;
				GCC_OPTIMIZATION_LEVEL = 0;
				GCC_PREPROCESSOR_DEFINITIONS = (
					"DEBUG=1",
					"$(inherited)",
				);
				GCC_WARN_64_TO_32_BIT_CONVERSION = YES;
				GCC_WARN_ABOUT_RETURN_TYPE = YES_ERROR;
				GCC_WARN_UNDECLARED_SELECTOR = YES;
				GCC_WARN_UNINITIALIZED_AUTOS = YES_AGGRESSIVE;
				GCC_WARN_UNUSED_FUNCTION = YES;
				GCC_WARN_UNUSED_VARIABLE = YES;
				IPHONEOS_DEPLOYMENT_TARGET = 15.2;
				MTL_ENABLE_DEBUG_INFO = INCLUDE_SOURCE;
				MTL_FAST_MATH = YES;
				ONLY_ACTIVE_ARCH = YES;
				SDKROOT = iphoneos;
				SWIFT_ACTIVE_COMPILATION_CONDITIONS = DEBUG;
				SWIFT_OPTIMIZATION_LEVEL = "-Onone";
			};
			name = Debug;
		};
		6BAF815A2ABD3BA700361672 /* Release */ = {
			isa = XCBuildConfiguration;
			buildSettings = {
				ALWAYS_SEARCH_USER_PATHS = NO;
				CLANG_ANALYZER_NONNULL = YES;
				CLANG_ANALYZER_NUMBER_OBJECT_CONVERSION = YES_AGGRESSIVE;
				CLANG_CXX_LANGUAGE_STANDARD = "gnu++17";
				CLANG_CXX_LIBRARY = "libc++";
				CLANG_ENABLE_MODULES = YES;
				CLANG_ENABLE_OBJC_ARC = YES;
				CLANG_ENABLE_OBJC_WEAK = YES;
				CLANG_WARN_BLOCK_CAPTURE_AUTORELEASING = YES;
				CLANG_WARN_BOOL_CONVERSION = YES;
				CLANG_WARN_COMMA = YES;
				CLANG_WARN_CONSTANT_CONVERSION = YES;
				CLANG_WARN_DEPRECATED_OBJC_IMPLEMENTATIONS = YES;
				CLANG_WARN_DIRECT_OBJC_ISA_USAGE = YES_ERROR;
				CLANG_WARN_DOCUMENTATION_COMMENTS = YES;
				CLANG_WARN_EMPTY_BODY = YES;
				CLANG_WARN_ENUM_CONVERSION = YES;
				CLANG_WARN_INFINITE_RECURSION = YES;
				CLANG_WARN_INT_CONVERSION = YES;
				CLANG_WARN_NON_LITERAL_NULL_CONVERSION = YES;
				CLANG_WARN_OBJC_IMPLICIT_RETAIN_SELF = YES;
				CLANG_WARN_OBJC_LITERAL_CONVERSION = YES;
				CLANG_WARN_OBJC_ROOT_CLASS = YES_ERROR;
				CLANG_WARN_QUOTED_INCLUDE_IN_FRAMEWORK_HEADER = YES;
				CLANG_WARN_RANGE_LOOP_ANALYSIS = YES;
				CLANG_WARN_STRICT_PROTOTYPES = YES;
				CLANG_WARN_SUSPICIOUS_MOVE = YES;
				CLANG_WARN_UNGUARDED_AVAILABILITY = YES_AGGRESSIVE;
				CLANG_WARN_UNREACHABLE_CODE = YES;
				CLANG_WARN__DUPLICATE_METHOD_MATCH = YES;
				COPY_PHASE_STRIP = NO;
				DEBUG_INFORMATION_FORMAT = "dwarf-with-dsym";
				ENABLE_NS_ASSERTIONS = NO;
				ENABLE_STRICT_OBJC_MSGSEND = YES;
				GCC_C_LANGUAGE_STANDARD = gnu11;
				GCC_NO_COMMON_BLOCKS = YES;
				GCC_WARN_64_TO_32_BIT_CONVERSION = YES;
				GCC_WARN_ABOUT_RETURN_TYPE = YES_ERROR;
				GCC_WARN_UNDECLARED_SELECTOR = YES;
				GCC_WARN_UNINITIALIZED_AUTOS = YES_AGGRESSIVE;
				GCC_WARN_UNUSED_FUNCTION = YES;
				GCC_WARN_UNUSED_VARIABLE = YES;
				IPHONEOS_DEPLOYMENT_TARGET = 15.2;
				MTL_ENABLE_DEBUG_INFO = NO;
				MTL_FAST_MATH = YES;
				SDKROOT = iphoneos;
				SWIFT_COMPILATION_MODE = wholemodule;
				SWIFT_OPTIMIZATION_LEVEL = "-O";
				VALIDATE_PRODUCT = YES;
			};
			name = Release;
		};
		6BAF815C2ABD3BA700361672 /* Debug */ = {
			isa = XCBuildConfiguration;
			buildSettings = {
				ASSETCATALOG_COMPILER_APPICON_NAME = AppIcon;
				ASSETCATALOG_COMPILER_GLOBAL_ACCENT_COLOR_NAME = AccentColor;
				CODE_SIGN_STYLE = Automatic;
				CURRENT_PROJECT_VERSION = 1;
				GENERATE_INFOPLIST_FILE = YES;
				INFOPLIST_FILE = UntilTest/Info.plist;
				INFOPLIST_KEY_UIApplicationSupportsIndirectInputEvents = YES;
				INFOPLIST_KEY_UILaunchStoryboardName = LaunchScreen;
				INFOPLIST_KEY_UIMainStoryboardFile = Main;
				INFOPLIST_KEY_UISupportedInterfaceOrientations_iPad = "UIInterfaceOrientationPortrait UIInterfaceOrientationPortraitUpsideDown UIInterfaceOrientationLandscapeLeft UIInterfaceOrientationLandscapeRight";
				INFOPLIST_KEY_UISupportedInterfaceOrientations_iPhone = "UIInterfaceOrientationPortrait UIInterfaceOrientationLandscapeLeft UIInterfaceOrientationLandscapeRight";
				LD_RUNPATH_SEARCH_PATHS = (
					"$(inherited)",
					"@executable_path/Frameworks",
				);
				MARKETING_VERSION = 1.0;
				PRODUCT_BUNDLE_IDENTIFIER = com.kulian.UntilTest;
				PRODUCT_NAME = "$(TARGET_NAME)";
				SWIFT_EMIT_LOC_STRINGS = YES;
				SWIFT_VERSION = 5.0;
				TARGETED_DEVICE_FAMILY = "1,2";
			};
			name = Debug;
		};
		6BAF815D2ABD3BA700361672 /* Release */ = {
			isa = XCBuildConfiguration;
			buildSettings = {
				ASSETCATALOG_COMPILER_APPICON_NAME = AppIcon;
				ASSETCATALOG_COMPILER_GLOBAL_ACCENT_COLOR_NAME = AccentColor;
				CODE_SIGN_STYLE = Automatic;
				CURRENT_PROJECT_VERSION = 1;
				GENERATE_INFOPLIST_FILE = YES;
				INFOPLIST_FILE = UntilTest/Info.plist;
				INFOPLIST_KEY_UIApplicationSupportsIndirectInputEvents = YES;
				INFOPLIST_KEY_UILaunchStoryboardName = LaunchScreen;
				INFOPLIST_KEY_UIMainStoryboardFile = Main;
				INFOPLIST_KEY_UISupportedInterfaceOrientations_iPad = "UIInterfaceOrientationPortrait UIInterfaceOrientationPortraitUpsideDown UIInterfaceOrientationLandscapeLeft UIInterfaceOrientationLandscapeRight";
				INFOPLIST_KEY_UISupportedInterfaceOrientations_iPhone = "UIInterfaceOrientationPortrait UIInterfaceOrientationLandscapeLeft UIInterfaceOrientationLandscapeRight";
				LD_RUNPATH_SEARCH_PATHS = (
					"$(inherited)",
					"@executable_path/Frameworks",
				);
				MARKETING_VERSION = 1.0;
				PRODUCT_BUNDLE_IDENTIFIER = com.kulian.UntilTest;
				PRODUCT_NAME = "$(TARGET_NAME)";
				SWIFT_EMIT_LOC_STRINGS = YES;
				SWIFT_VERSION = 5.0;
				TARGETED_DEVICE_FAMILY = "1,2";
			};
			name = Release;
		};
		6BAF815F2ABD3BA700361672 /* Debug */ = {
			isa = XCBuildConfiguration;
			buildSettings = {
				ALWAYS_EMBED_SWIFT_STANDARD_LIBRARIES = YES;
				BUNDLE_LOADER = "$(TEST_HOST)";
				CODE_SIGN_STYLE = Automatic;
				CURRENT_PROJECT_VERSION = 1;
				GENERATE_INFOPLIST_FILE = YES;
				IPHONEOS_DEPLOYMENT_TARGET = 15.2;
				MARKETING_VERSION = 1.0;
				PRODUCT_BUNDLE_IDENTIFIER = com.kulian.UntilTestTests;
				PRODUCT_NAME = "$(TARGET_NAME)";
				SWIFT_EMIT_LOC_STRINGS = NO;
				SWIFT_VERSION = 5.0;
				TARGETED_DEVICE_FAMILY = "1,2";
				TEST_HOST = "$(BUILT_PRODUCTS_DIR)/UntilTest.app/UntilTest";
			};
			name = Debug;
		};
		6BAF81602ABD3BA700361672 /* Release */ = {
			isa = XCBuildConfiguration;
			buildSettings = {
				ALWAYS_EMBED_SWIFT_STANDARD_LIBRARIES = YES;
				BUNDLE_LOADER = "$(TEST_HOST)";
				CODE_SIGN_STYLE = Automatic;
				CURRENT_PROJECT_VERSION = 1;
				GENERATE_INFOPLIST_FILE = YES;
				IPHONEOS_DEPLOYMENT_TARGET = 15.2;
				MARKETING_VERSION = 1.0;
				PRODUCT_BUNDLE_IDENTIFIER = com.kulian.UntilTestTests;
				PRODUCT_NAME = "$(TARGET_NAME)";
				SWIFT_EMIT_LOC_STRINGS = NO;
				SWIFT_VERSION = 5.0;
				TARGETED_DEVICE_FAMILY = "1,2";
				TEST_HOST = "$(BUILT_PRODUCTS_DIR)/UntilTest.app/UntilTest";
			};
			name = Release;
		};
		6BAF81622ABD3BA700361672 /* Debug */ = {
			isa = XCBuildConfiguration;
			buildSettings = {
				ALWAYS_EMBED_SWIFT_STANDARD_LIBRARIES = YES;
				CODE_SIGN_STYLE = Automatic;
				CURRENT_PROJECT_VERSION = 1;
				GENERATE_INFOPLIST_FILE = YES;
				MARKETING_VERSION = 1.0;
				PRODUCT_BUNDLE_IDENTIFIER = com.kulian.UntilTestUITests;
				PRODUCT_NAME = "$(TARGET_NAME)";
				SWIFT_EMIT_LOC_STRINGS = NO;
				SWIFT_VERSION = 5.0;
				TARGETED_DEVICE_FAMILY = "1,2";
				TEST_TARGET_NAME = UntilTest;
			};
			name = Debug;
		};
		6BAF81632ABD3BA700361672 /* Release */ = {
			isa = XCBuildConfiguration;
			buildSettings = {
				ALWAYS_EMBED_SWIFT_STANDARD_LIBRARIES = YES;
				CODE_SIGN_STYLE = Automatic;
				CURRENT_PROJECT_VERSION = 1;
				GENERATE_INFOPLIST_FILE = YES;
				MARKETING_VERSION = 1.0;
				PRODUCT_BUNDLE_IDENTIFIER = com.kulian.UntilTestUITests;
				PRODUCT_NAME = "$(TARGET_NAME)";
				SWIFT_EMIT_LOC_STRINGS = NO;
				SWIFT_VERSION = 5.0;
				TARGETED_DEVICE_FAMILY = "1,2";
				TEST_TARGET_NAME = UntilTest;
			};
			name = Release;
		};
/* End XCBuildConfiguration section */

/* Begin XCConfigurationList section */
		6BAF812C2ABD3BA000361672 /* Build configuration list for PBXProject "UntilTest" */ = {
			isa = XCConfigurationList;
			buildConfigurations = (
				6BAF81592ABD3BA700361672 /* Debug */,
				6BAF815A2ABD3BA700361672 /* Release */,
			);
			defaultConfigurationIsVisible = 0;
			defaultConfigurationName = Release;
		};
		6BAF815B2ABD3BA700361672 /* Build configuration list for PBXNativeTarget "UntilTest" */ = {
			isa = XCConfigurationList;
			buildConfigurations = (
				6BAF815C2ABD3BA700361672 /* Debug */,
				6BAF815D2ABD3BA700361672 /* Release */,
			);
			defaultConfigurationIsVisible = 0;
			defaultConfigurationName = Release;
		};
		6BAF815E2ABD3BA700361672 /* Build configuration list for PBXNativeTarget "UntilTestTests" */ = {
			isa = XCConfigurationList;
			buildConfigurations = (
				6BAF815F2ABD3BA700361672 /* Debug */,
				6BAF81602ABD3BA700361672 /* Release */,
			);
			defaultConfigurationIsVisible = 0;
			defaultConfigurationName = Release;
		};
		6BAF81612ABD3BA700361672 /* Build configuration list for PBXNativeTarget "UntilTestUITests" */ = {
			isa = XCConfigurationList;
			buildConfigurations = (
				6BAF81622ABD3BA700361672 /* Debug */,
				6BAF81632ABD3BA700361672 /* Release */,
			);
			defaultConfigurationIsVisible = 0;
			defaultConfigurationName = Release;
		};
/* End XCConfigurationList section */
	};
	rootObject = 6BAF81292ABD3BA000361672 /* Project object */;
}
