// !$*UTF8*$!
{
	archiveVersion = 1;
	classes = {
	};
	objectVersion = 55;
	objects = {

/* Begin PBXBuildFile section */
		6B57AB832ABD7C2C00D38CBA /* LoginView.swift in Sources */ = {isa = PBXBuildFile; fileRef = 6B57AB822ABD7C2C00D38CBA /* LoginView.swift */; };
		6B57AB852ABD8B8200D38CBA /* WelcomScreenView.swift in Sources */ = {isa = PBXBuildFile; fileRef = 6B57AB842ABD8B8100D38CBA /* WelcomScreenView.swift */; };
		6B8331D12AB20CDD00ADD96B /* SwiftUIClassApp.swift in Sources */ = {isa = PBXBuildFile; fileRef = 6B8331D02AB20CDD00ADD96B /* SwiftUIClassApp.swift */; };
		6B8331D32AB20CDD00ADD96B /* ContentView.swift in Sources */ = {isa = PBXBuildFile; fileRef = 6B8331D22AB20CDD00ADD96B /* ContentView.swift */; };
		6B8331D52AB20CEA00ADD96B /* Assets.xcassets in Resources */ = {isa = PBXBuildFile; fileRef = 6B8331D42AB20CEA00ADD96B /* Assets.xcassets */; };
		6B8331D82AB20CEA00ADD96B /* Preview Assets.xcassets in Resources */ = {isa = PBXBuildFile; fileRef = 6B8331D72AB20CEA00ADD96B /* Preview Assets.xcassets */; };
		6B8331E22AB20CEB00ADD96B /* SwiftUIClassTests.swift in Sources */ = {isa = PBXBuildFile; fileRef = 6B8331E12AB20CEB00ADD96B /* SwiftUIClassTests.swift */; };
		6B8331EC2AB20CEB00ADD96B /* SwiftUIClassUITests.swift in Sources */ = {isa = PBXBuildFile; fileRef = 6B8331EB2AB20CEB00ADD96B /* SwiftUIClassUITests.swift */; };
		6B8331EE2AB20CEB00ADD96B /* SwiftUIClassUITestsLaunchTests.swift in Sources */ = {isa = PBXBuildFile; fileRef = 6B8331ED2AB20CEB00ADD96B /* SwiftUIClassUITestsLaunchTests.swift */; };
/* End PBXBuildFile section */

/* Begin PBXContainerItemProxy section */
		6B8331DE2AB20CEA00ADD96B /* PBXContainerItemProxy */ = {
			isa = PBXContainerItemProxy;
			containerPortal = 6B8331C52AB20CDD00ADD96B /* Project object */;
			proxyType = 1;
			remoteGlobalIDString = 6B8331CC2AB20CDD00ADD96B;
			remoteInfo = SwiftUIClass;
		};
		6B8331E82AB20CEB00ADD96B /* PBXContainerItemProxy */ = {
			isa = PBXContainerItemProxy;
			containerPortal = 6B8331C52AB20CDD00ADD96B /* Project object */;
			proxyType = 1;
			remoteGlobalIDString = 6B8331CC2AB20CDD00ADD96B;
			remoteInfo = SwiftUIClass;
		};
/* End PBXContainerItemProxy section */

/* Begin PBXFileReference section */
		6B57AB822ABD7C2C00D38CBA /* LoginView.swift */ = {isa = PBXFileReference; lastKnownFileType = sourcecode.swift; path = LoginView.swift; sourceTree = "<group>"; };
		6B57AB842ABD8B8100D38CBA /* WelcomScreenView.swift */ = {isa = PBXFileReference; lastKnownFileType = sourcecode.swift; path = WelcomScreenView.swift; sourceTree = "<group>"; };
		6B8331CD2AB20CDD00ADD96B /* SwiftUIClass.app */ = {isa = PBXFileReference; explicitFileType = wrapper.application; includeInIndex = 0; path = SwiftUIClass.app; sourceTree = BUILT_PRODUCTS_DIR; };
		6B8331D02AB20CDD00ADD96B /* SwiftUIClassApp.swift */ = {isa = PBXFileReference; lastKnownFileType = sourcecode.swift; path = SwiftUIClassApp.swift; sourceTree = "<group>"; };
		6B8331D22AB20CDD00ADD96B /* ContentView.swift */ = {isa = PBXFileReference; lastKnownFileType = sourcecode.swift; path = ContentView.swift; sourceTree = "<group>"; };
		6B8331D42AB20CEA00ADD96B /* Assets.xcassets */ = {isa = PBXFileReference; lastKnownFileType = folder.assetcatalog; path = Assets.xcassets; sourceTree = "<group>"; };
		6B8331D72AB20CEA00ADD96B /* Preview Assets.xcassets */ = {isa = PBXFileReference; lastKnownFileType = folder.assetcatalog; path = "Preview Assets.xcassets"; sourceTree = "<group>"; };
		6B8331DD2AB20CEA00ADD96B /* SwiftUIClassTests.xctest */ = {isa = PBXFileReference; explicitFileType = wrapper.cfbundle; includeInIndex = 0; path = SwiftUIClassTests.xctest; sourceTree = BUILT_PRODUCTS_DIR; };
		6B8331E12AB20CEB00ADD96B /* SwiftUIClassTests.swift */ = {isa = PBXFileReference; lastKnownFileType = sourcecode.swift; path = SwiftUIClassTests.swift; sourceTree = "<group>"; };
		6B8331E72AB20CEB00ADD96B /* SwiftUIClassUITests.xctest */ = {isa = PBXFileReference; explicitFileType = wrapper.cfbundle; includeInIndex = 0; path = SwiftUIClassUITests.xctest; sourceTree = BUILT_PRODUCTS_DIR; };
		6B8331EB2AB20CEB00ADD96B /* SwiftUIClassUITests.swift */ = {isa = PBXFileReference; lastKnownFileType = sourcecode.swift; path = SwiftUIClassUITests.swift; sourceTree = "<group>"; };
		6B8331ED2AB20CEB00ADD96B /* SwiftUIClassUITestsLaunchTests.swift */ = {isa = PBXFileReference; lastKnownFileType = sourcecode.swift; path = SwiftUIClassUITestsLaunchTests.swift; sourceTree = "<group>"; };
/* End PBXFileReference section */

/* Begin PBXFrameworksBuildPhase section */
		6B8331CA2AB20CDD00ADD96B /* Frameworks */ = {
			isa = PBXFrameworksBuildPhase;
			buildActionMask = 2147483647;
			files = (
			);
			runOnlyForDeploymentPostprocessing = 0;
		};
		6B8331DA2AB20CEA00ADD96B /* Frameworks */ = {
			isa = PBXFrameworksBuildPhase;
			buildActionMask = 2147483647;
			files = (
			);
			runOnlyForDeploymentPostprocessing = 0;
		};
		6B8331E42AB20CEB00ADD96B /* Frameworks */ = {
			isa = PBXFrameworksBuildPhase;
			buildActionMask = 2147483647;
			files = (
			);
			runOnlyForDeploymentPostprocessing = 0;
		};
/* End PBXFrameworksBuildPhase section */

/* Begin PBXGroup section */
		6B57AB802ABD75DD00D38CBA /* viewmode */ = {
			isa = PBXGroup;
			children = (
			);
			path = viewmode;
			sourceTree = "<group>";
		};
		6B57AB812ABD7C0C00D38CBA /* login */ = {
			isa = PBXGroup;
			children = (
				6B57AB822ABD7C2C00D38CBA /* LoginView.swift */,
				6B57AB842ABD8B8100D38CBA /* WelcomScreenView.swift */,
			);
			path = login;
			sourceTree = "<group>";
		};
		6B8331C42AB20CDD00ADD96B = {
			isa = PBXGroup;
			children = (
				6B8331CF2AB20CDD00ADD96B /* SwiftUIClass */,
				6B8331E02AB20CEB00ADD96B /* SwiftUIClassTests */,
				6B8331EA2AB20CEB00ADD96B /* SwiftUIClassUITests */,
				6B8331CE2AB20CDD00ADD96B /* Products */,
			);
			sourceTree = "<group>";
		};
		6B8331CE2AB20CDD00ADD96B /* Products */ = {
			isa = PBXGroup;
			children = (
				6B8331CD2AB20CDD00ADD96B /* SwiftUIClass.app */,
				6B8331DD2AB20CEA00ADD96B /* SwiftUIClassTests.xctest */,
				6B8331E72AB20CEB00ADD96B /* SwiftUIClassUITests.xctest */,
			);
			name = Products;
			sourceTree = "<group>";
		};
		6B8331CF2AB20CDD00ADD96B /* SwiftUIClass */ = {
			isa = PBXGroup;
			children = (
				6B57AB812ABD7C0C00D38CBA /* login */,
				6B57AB802ABD75DD00D38CBA /* viewmode */,
				6B8331D02AB20CDD00ADD96B /* SwiftUIClassApp.swift */,
				6B8331D22AB20CDD00ADD96B /* ContentView.swift */,
				6B8331D42AB20CEA00ADD96B /* Assets.xcassets */,
				6B8331D62AB20CEA00ADD96B /* Preview Content */,
			);
			path = SwiftUIClass;
			sourceTree = "<group>";
		};
		6B8331D62AB20CEA00ADD96B /* Preview Content */ = {
			isa = PBXGroup;
			children = (
				6B8331D72AB20CEA00ADD96B /* Preview Assets.xcassets */,
			);
			path = "Preview Content";
			sourceTree = "<group>";
		};
		6B8331E02AB20CEB00ADD96B /* SwiftUIClassTests */ = {
			isa = PBXGroup;
			children = (
				6B8331E12AB20CEB00ADD96B /* SwiftUIClassTests.swift */,
			);
			path = SwiftUIClassTests;
			sourceTree = "<group>";
		};
		6B8331EA2AB20CEB00ADD96B /* SwiftUIClassUITests */ = {
			isa = PBXGroup;
			children = (
				6B8331EB2AB20CEB00ADD96B /* SwiftUIClassUITests.swift */,
				6B8331ED2AB20CEB00ADD96B /* SwiftUIClassUITestsLaunchTests.swift */,
			);
			path = SwiftUIClassUITests;
			sourceTree = "<group>";
		};
/* End PBXGroup section */

/* Begin PBXNativeTarget section */
		6B8331CC2AB20CDD00ADD96B /* SwiftUIClass */ = {
			isa = PBXNativeTarget;
			buildConfigurationList = 6B8331F12AB20CEB00ADD96B /* Build configuration list for PBXNativeTarget "SwiftUIClass" */;
			buildPhases = (
				6B8331C92AB20CDD00ADD96B /* Sources */,
				6B8331CA2AB20CDD00ADD96B /* Frameworks */,
				6B8331CB2AB20CDD00ADD96B /* Resources */,
			);
			buildRules = (
			);
			dependencies = (
			);
			name = SwiftUIClass;
			productName = SwiftUIClass;
			productReference = 6B8331CD2AB20CDD00ADD96B /* SwiftUIClass.app */;
			productType = "com.apple.product-type.application";
		};
		6B8331DC2AB20CEA00ADD96B /* SwiftUIClassTests */ = {
			isa = PBXNativeTarget;
			buildConfigurationList = 6B8331F42AB20CEB00ADD96B /* Build configuration list for PBXNativeTarget "SwiftUIClassTests" */;
			buildPhases = (
				6B8331D92AB20CEA00ADD96B /* Sources */,
				6B8331DA2AB20CEA00ADD96B /* Frameworks */,
				6B8331DB2AB20CEA00ADD96B /* Resources */,
			);
			buildRules = (
			);
			dependencies = (
				6B8331DF2AB20CEA00ADD96B /* PBXTargetDependency */,
			);
			name = SwiftUIClassTests;
			productName = SwiftUIClassTests;
			productReference = 6B8331DD2AB20CEA00ADD96B /* SwiftUIClassTests.xctest */;
			productType = "com.apple.product-type.bundle.unit-test";
		};
		6B8331E62AB20CEB00ADD96B /* SwiftUIClassUITests */ = {
			isa = PBXNativeTarget;
			buildConfigurationList = 6B8331F72AB20CEB00ADD96B /* Build configuration list for PBXNativeTarget "SwiftUIClassUITests" */;
			buildPhases = (
				6B8331E32AB20CEB00ADD96B /* Sources */,
				6B8331E42AB20CEB00ADD96B /* Frameworks */,
				6B8331E52AB20CEB00ADD96B /* Resources */,
			);
			buildRules = (
			);
			dependencies = (
				6B8331E92AB20CEB00ADD96B /* PBXTargetDependency */,
			);
			name = SwiftUIClassUITests;
			productName = SwiftUIClassUITests;
			productReference = 6B8331E72AB20CEB00ADD96B /* SwiftUIClassUITests.xctest */;
			productType = "com.apple.product-type.bundle.ui-testing";
		};
/* End PBXNativeTarget section */

/* Begin PBXProject section */
		6B8331C52AB20CDD00ADD96B /* Project object */ = {
			isa = PBXProject;
			attributes = {
				BuildIndependentTargetsInParallel = 1;
				LastSwiftUpdateCheck = 1320;
				LastUpgradeCheck = 1320;
				TargetAttributes = {
					6B8331CC2AB20CDD00ADD96B = {
						CreatedOnToolsVersion = 13.2.1;
					};
					6B8331DC2AB20CEA00ADD96B = {
						CreatedOnToolsVersion = 13.2.1;
						TestTargetID = 6B8331CC2AB20CDD00ADD96B;
					};
					6B8331E62AB20CEB00ADD96B = {
						CreatedOnToolsVersion = 13.2.1;
						TestTargetID = 6B8331CC2AB20CDD00ADD96B;
					};
				};
			};
			buildConfigurationList = 6B8331C82AB20CDD00ADD96B /* Build configuration list for PBXProject "SwiftUIClass" */;
			compatibilityVersion = "Xcode 13.0";
			developmentRegion = en;
			hasScannedForEncodings = 0;
			knownRegions = (
				en,
				Base,
			);
			mainGroup = 6B8331C42AB20CDD00ADD96B;
			productRefGroup = 6B8331CE2AB20CDD00ADD96B /* Products */;
			projectDirPath = "";
			projectRoot = "";
			targets = (
				6B8331CC2AB20CDD00ADD96B /* SwiftUIClass */,
				6B8331DC2AB20CEA00ADD96B /* SwiftUIClassTests */,
				6B8331E62AB20CEB00ADD96B /* SwiftUIClassUITests */,
			);
		};
/* End PBXProject section */

/* Begin PBXResourcesBuildPhase section */
		6B8331CB2AB20CDD00ADD96B /* Resources */ = {
			isa = PBXResourcesBuildPhase;
			buildActionMask = 2147483647;
			files = (
				6B8331D82AB20CEA00ADD96B /* Preview Assets.xcassets in Resources */,
				6B8331D52AB20CEA00ADD96B /* Assets.xcassets in Resources */,
			);
			runOnlyForDeploymentPostprocessing = 0;
		};
		6B8331DB2AB20CEA00ADD96B /* Resources */ = {
			isa = PBXResourcesBuildPhase;
			buildActionMask = 2147483647;
			files = (
			);
			runOnlyForDeploymentPostprocessing = 0;
		};
		6B8331E52AB20CEB00ADD96B /* Resources */ = {
			isa = PBXResourcesBuildPhase;
			buildActionMask = 2147483647;
			files = (
			);
			runOnlyForDeploymentPostprocessing = 0;
		};
/* End PBXResourcesBuildPhase section */

/* Begin PBXSourcesBuildPhase section */
		6B8331C92AB20CDD00ADD96B /* Sources */ = {
			isa = PBXSourcesBuildPhase;
			buildActionMask = 2147483647;
			files = (
				6B57AB832ABD7C2C00D38CBA /* LoginView.swift in Sources */,
				6B8331D32AB20CDD00ADD96B /* ContentView.swift in Sources */,
				6B8331D12AB20CDD00ADD96B /* SwiftUIClassApp.swift in Sources */,
				6B57AB852ABD8B8200D38CBA /* WelcomScreenView.swift in Sources */,
			);
			runOnlyForDeploymentPostprocessing = 0;
		};
		6B8331D92AB20CEA00ADD96B /* Sources */ = {
			isa = PBXSourcesBuildPhase;
			buildActionMask = 2147483647;
			files = (
				6B8331E22AB20CEB00ADD96B /* SwiftUIClassTests.swift in Sources */,
			);
			runOnlyForDeploymentPostprocessing = 0;
		};
		6B8331E32AB20CEB00ADD96B /* Sources */ = {
			isa = PBXSourcesBuildPhase;
			buildActionMask = 2147483647;
			files = (
				6B8331EC2AB20CEB00ADD96B /* SwiftUIClassUITests.swift in Sources */,
				6B8331EE2AB20CEB00ADD96B /* SwiftUIClassUITestsLaunchTests.swift in Sources */,
			);
			runOnlyForDeploymentPostprocessing = 0;
		};
/* End PBXSourcesBuildPhase section */

/* Begin PBXTargetDependency section */
		6B8331DF2AB20CEA00ADD96B /* PBXTargetDependency */ = {
			isa = PBXTargetDependency;
			target = 6B8331CC2AB20CDD00ADD96B /* SwiftUIClass */;
			targetProxy = 6B8331DE2AB20CEA00ADD96B /* PBXContainerItemProxy */;
		};
		6B8331E92AB20CEB00ADD96B /* PBXTargetDependency */ = {
			isa = PBXTargetDependency;
			target = 6B8331CC2AB20CDD00ADD96B /* SwiftUIClass */;
			targetProxy = 6B8331E82AB20CEB00ADD96B /* PBXContainerItemProxy */;
		};
/* End PBXTargetDependency section */

/* Begin XCBuildConfiguration section */
		6B8331EF2AB20CEB00ADD96B /* Debug */ = {
			isa = XCBuildConfiguration;
			buildSettings = {
				ALWAYS_SEARCH_USER_PATHS = NO;
				CLANG_ANALYZER_NONNULL = YES;
				CLANG_ANALYZER_NUMBER_OBJECT_CONVERSION = YES_AGGRESSIVE;
				CLANG_CXX_LANGUAGE_STANDARD = "gnu++17";
				CLANG_CXX_LIBRARY = "libc++";
				CLANG_ENABLE_MODULES = YES;
				CLANG_ENABLE_OBJC_ARC = YES;
				CLANG_ENABLE_OBJC_WEAK = YES;
				CLANG_WARN_BLOCK_CAPTURE_AUTORELEASING = YES;
				CLANG_WARN_BOOL_CONVERSION = YES;
				CLANG_WARN_COMMA = YES;
				CLANG_WARN_CONSTANT_CONVERSION = YES;
				CLANG_WARN_DEPRECATED_OBJC_IMPLEMENTATIONS = YES;
				CLANG_WARN_DIRECT_OBJC_ISA_USAGE = YES_ERROR;
				CLANG_WARN_DOCUMENTATION_COMMENTS = YES;
				CLANG_WARN_EMPTY_BODY = YES;
				CLANG_WARN_ENUM_CONVERSION = YES;
				CLANG_WARN_INFINITE_RECURSION = YES;
				CLANG_WARN_INT_CONVERSION = YES;
				CLANG_WARN_NON_LITERAL_NULL_CONVERSION = YES;
				CLANG_WARN_OBJC_IMPLICIT_RETAIN_SELF = YES;
				CLANG_WARN_OBJC_LITERAL_CONVERSION = YES;
				CLANG_WARN_OBJC_ROOT_CLASS = YES_ERROR;
				CLANG_WARN_QUOTED_INCLUDE_IN_FRAMEWORK_HEADER = YES;
				CLANG_WARN_RANGE_LOOP_ANALYSIS = YES;
				CLANG_WARN_STRICT_PROTOTYPES = YES;
				CLANG_WARN_SUSPICIOUS_MOVE = YES;
				CLANG_WARN_UNGUARDED_AVAILABILITY = YES_AGGRESSIVE;
				CLANG_WARN_UNREACHABLE_CODE = YES;
				CLANG_WARN__DUPLICATE_METHOD_MATCH = YES;
				COPY_PHASE_STRIP = NO;
				DEBUG_INFORMATION_FORMAT = dwarf;
				ENABLE_STRICT_OBJC_MSGSEND = YES;
				ENABLE_TESTABILITY = YES;
				GCC_C_LANGUAGE_STANDARD = gnu11;
				GCC_DYNAMIC_NO_PIC = NO;
				GCC_NO_COMMON_BLOCKS = YES;
				GCC_OPTIMIZATION_LEVEL = 0;
				GCC_PREPROCESSOR_DEFINITIONS = (
					"DEBUG=1",
					"$(inherited)",
				);
				GCC_WARN_64_TO_32_BIT_CONVERSION = YES;
				GCC_WARN_ABOUT_RETURN_TYPE = YES_ERROR;
				GCC_WARN_UNDECLARED_SELECTOR = YES;
				GCC_WARN_UNINITIALIZED_AUTOS = YES_AGGRESSIVE;
				GCC_WARN_UNUSED_FUNCTION = YES;
				GCC_WARN_UNUSED_VARIABLE = YES;
				IPHONEOS_DEPLOYMENT_TARGET = 15.2;
				MTL_ENABLE_DEBUG_INFO = INCLUDE_SOURCE;
				MTL_FAST_MATH = YES;
				ONLY_ACTIVE_ARCH = YES;
				SDKROOT = iphoneos;
				SWIFT_ACTIVE_COMPILATION_CONDITIONS = DEBUG;
				SWIFT_OPTIMIZATION_LEVEL = "-Onone";
			};
			name = Debug;
		};
		6B8331F02AB20CEB00ADD96B /* Release */ = {
			isa = XCBuildConfiguration;
			buildSettings = {
				ALWAYS_SEARCH_USER_PATHS = NO;
				CLANG_ANALYZER_NONNULL = YES;
				CLANG_ANALYZER_NUMBER_OBJECT_CONVERSION = YES_AGGRESSIVE;
				CLANG_CXX_LANGUAGE_STANDARD = "gnu++17";
				CLANG_CXX_LIBRARY = "libc++";
				CLANG_ENABLE_MODULES = YES;
				CLANG_ENABLE_OBJC_ARC = YES;
				CLANG_ENABLE_OBJC_WEAK = YES;
				CLANG_WARN_BLOCK_CAPTURE_AUTORELEASING = YES;
				CLANG_WARN_BOOL_CONVERSION = YES;
				CLANG_WARN_COMMA = YES;
				CLANG_WARN_CONSTANT_CONVERSION = YES;
				CLANG_WARN_DEPRECATED_OBJC_IMPLEMENTATIONS = YES;
				CLANG_WARN_DIRECT_OBJC_ISA_USAGE = YES_ERROR;
				CLANG_WARN_DOCUMENTATION_COMMENTS = YES;
				CLANG_WARN_EMPTY_BODY = YES;
				CLANG_WARN_ENUM_CONVERSION = YES;
				CLANG_WARN_INFINITE_RECURSION = YES;
				CLANG_WARN_INT_CONVERSION = YES;
				CLANG_WARN_NON_LITERAL_NULL_CONVERSION = YES;
				CLANG_WARN_OBJC_IMPLICIT_RETAIN_SELF = YES;
				CLANG_WARN_OBJC_LITERAL_CONVERSION = YES;
				CLANG_WARN_OBJC_ROOT_CLASS = YES_ERROR;
				CLANG_WARN_QUOTED_INCLUDE_IN_FRAMEWORK_HEADER = YES;
				CLANG_WARN_RANGE_LOOP_ANALYSIS = YES;
				CLANG_WARN_STRICT_PROTOTYPES = YES;
				CLANG_WARN_SUSPICIOUS_MOVE = YES;
				CLANG_WARN_UNGUARDED_AVAILABILITY = YES_AGGRESSIVE;
				CLANG_WARN_UNREACHABLE_CODE = YES;
				CLANG_WARN__DUPLICATE_METHOD_MATCH = YES;
				COPY_PHASE_STRIP = NO;
				DEBUG_INFORMATION_FORMAT = "dwarf-with-dsym";
				ENABLE_NS_ASSERTIONS = NO;
				ENABLE_STRICT_OBJC_MSGSEND = YES;
				GCC_C_LANGUAGE_STANDARD = gnu11;
				GCC_NO_COMMON_BLOCKS = YES;
				GCC_WARN_64_TO_32_BIT_CONVERSION = YES;
				GCC_WARN_ABOUT_RETURN_TYPE = YES_ERROR;
				GCC_WARN_UNDECLARED_SELECTOR = YES;
				GCC_WARN_UNINITIALIZED_AUTOS = YES_AGGRESSIVE;
				GCC_WARN_UNUSED_FUNCTION = YES;
				GCC_WARN_UNUSED_VARIABLE = YES;
				IPHONEOS_DEPLOYMENT_TARGET = 15.2;
				MTL_ENABLE_DEBUG_INFO = NO;
				MTL_FAST_MATH = YES;
				SDKROOT = iphoneos;
				SWIFT_COMPILATION_MODE = wholemodule;
				SWIFT_OPTIMIZATION_LEVEL = "-O";
				VALIDATE_PRODUCT = YES;
			};
			name = Release;
		};
		6B8331F22AB20CEB00ADD96B /* Debug */ = {
			isa = XCBuildConfiguration;
			buildSettings = {
				ASSETCATALOG_COMPILER_APPICON_NAME = AppIcon;
				ASSETCATALOG_COMPILER_GLOBAL_ACCENT_COLOR_NAME = AccentColor;
				CODE_SIGN_STYLE = Automatic;
				CURRENT_PROJECT_VERSION = 1;
				DEVELOPMENT_ASSET_PATHS = "\"SwiftUIClass/Preview Content\"";
				DEVELOPMENT_TEAM = A7NN4D42A9;
				ENABLE_PREVIEWS = YES;
				GENERATE_INFOPLIST_FILE = YES;
				INFOPLIST_KEY_UIApplicationSceneManifest_Generation = YES;
				INFOPLIST_KEY_UIApplicationSupportsIndirectInputEvents = YES;
				INFOPLIST_KEY_UILaunchScreen_Generation = YES;
				INFOPLIST_KEY_UISupportedInterfaceOrientations_iPad = "UIInterfaceOrientationPortrait UIInterfaceOrientationPortraitUpsideDown UIInterfaceOrientationLandscapeLeft UIInterfaceOrientationLandscapeRight";
				INFOPLIST_KEY_UISupportedInterfaceOrientations_iPhone = "UIInterfaceOrientationPortrait UIInterfaceOrientationLandscapeLeft UIInterfaceOrientationLandscapeRight";
				LD_RUNPATH_SEARCH_PATHS = (
					"$(inherited)",
					"@executable_path/Frameworks",
				);
				MARKETING_VERSION = 1.0;
				PRODUCT_BUNDLE_IDENTIFIER = com.kulian.SwiftUIClass;
				PRODUCT_NAME = "$(TARGET_NAME)";
				SWIFT_EMIT_LOC_STRINGS = YES;
				SWIFT_VERSION = 5.0;
				TARGETED_DEVICE_FAMILY = "1,2";
			};
			name = Debug;
		};
		6B8331F32AB20CEB00ADD96B /* Release */ = {
			isa = XCBuildConfiguration;
			buildSettings = {
				ASSETCATALOG_COMPILER_APPICON_NAME = AppIcon;
				ASSETCATALOG_COMPILER_GLOBAL_ACCENT_COLOR_NAME = AccentColor;
				CODE_SIGN_STYLE = Automatic;
				CURRENT_PROJECT_VERSION = 1;
				DEVELOPMENT_ASSET_PATHS = "\"SwiftUIClass/Preview Content\"";
				DEVELOPMENT_TEAM = A7NN4D42A9;
				ENABLE_PREVIEWS = YES;
				GENERATE_INFOPLIST_FILE = YES;
				INFOPLIST_KEY_UIApplicationSceneManifest_Generation = YES;
				INFOPLIST_KEY_UIApplicationSupportsIndirectInputEvents = YES;
				INFOPLIST_KEY_UILaunchScreen_Generation = YES;
				INFOPLIST_KEY_UISupportedInterfaceOrientations_iPad = "UIInterfaceOrientationPortrait UIInterfaceOrientationPortraitUpsideDown UIInterfaceOrientationLandscapeLeft UIInterfaceOrientationLandscapeRight";
				INFOPLIST_KEY_UISupportedInterfaceOrientations_iPhone = "UIInterfaceOrientationPortrait UIInterfaceOrientationLandscapeLeft UIInterfaceOrientationLandscapeRight";
				LD_RUNPATH_SEARCH_PATHS = (
					"$(inherited)",
					"@executable_path/Frameworks",
				);
				MARKETING_VERSION = 1.0;
				PRODUCT_BUNDLE_IDENTIFIER = com.kulian.SwiftUIClass;
				PRODUCT_NAME = "$(TARGET_NAME)";
				SWIFT_EMIT_LOC_STRINGS = YES;
				SWIFT_VERSION = 5.0;
				TARGETED_DEVICE_FAMILY = "1,2";
			};
			name = Release;
		};
		6B8331F52AB20CEB00ADD96B /* Debug */ = {
			isa = XCBuildConfiguration;
			buildSettings = {
				ALWAYS_EMBED_SWIFT_STANDARD_LIBRARIES = YES;
				BUNDLE_LOADER = "$(TEST_HOST)";
				CODE_SIGN_STYLE = Automatic;
				CURRENT_PROJECT_VERSION = 1;
				GENERATE_INFOPLIST_FILE = YES;
				IPHONEOS_DEPLOYMENT_TARGET = 15.2;
				MARKETING_VERSION = 1.0;
				PRODUCT_BUNDLE_IDENTIFIER = com.kulian.SwiftUIClassTests;
				PRODUCT_NAME = "$(TARGET_NAME)";
				SWIFT_EMIT_LOC_STRINGS = NO;
				SWIFT_VERSION = 5.0;
				TARGETED_DEVICE_FAMILY = "1,2";
				TEST_HOST = "$(BUILT_PRODUCTS_DIR)/SwiftUIClass.app/SwiftUIClass";
			};
			name = Debug;
		};
		6B8331F62AB20CEB00ADD96B /* Release */ = {
			isa = XCBuildConfiguration;
			buildSettings = {
				ALWAYS_EMBED_SWIFT_STANDARD_LIBRARIES = YES;
				BUNDLE_LOADER = "$(TEST_HOST)";
				CODE_SIGN_STYLE = Automatic;
				CURRENT_PROJECT_VERSION = 1;
				GENERATE_INFOPLIST_FILE = YES;
				IPHONEOS_DEPLOYMENT_TARGET = 15.2;
				MARKETING_VERSION = 1.0;
				PRODUCT_BUNDLE_IDENTIFIER = com.kulian.SwiftUIClassTests;
				PRODUCT_NAME = "$(TARGET_NAME)";
				SWIFT_EMIT_LOC_STRINGS = NO;
				SWIFT_VERSION = 5.0;
				TARGETED_DEVICE_FAMILY = "1,2";
				TEST_HOST = "$(BUILT_PRODUCTS_DIR)/SwiftUIClass.app/SwiftUIClass";
			};
			name = Release;
		};
		6B8331F82AB20CEB00ADD96B /* Debug */ = {
			isa = XCBuildConfiguration;
			buildSettings = {
				ALWAYS_EMBED_SWIFT_STANDARD_LIBRARIES = YES;
				CODE_SIGN_STYLE = Automatic;
				CURRENT_PROJECT_VERSION = 1;
				GENERATE_INFOPLIST_FILE = YES;
				MARKETING_VERSION = 1.0;
				PRODUCT_BUNDLE_IDENTIFIER = com.kulian.SwiftUIClassUITests;
				PRODUCT_NAME = "$(TARGET_NAME)";
				SWIFT_EMIT_LOC_STRINGS = NO;
				SWIFT_VERSION = 5.0;
				TARGETED_DEVICE_FAMILY = "1,2";
				TEST_TARGET_NAME = SwiftUIClass;
			};
			name = Debug;
		};
		6B8331F92AB20CEB00ADD96B /* Release */ = {
			isa = XCBuildConfiguration;
			buildSettings = {
				ALWAYS_EMBED_SWIFT_STANDARD_LIBRARIES = YES;
				CODE_SIGN_STYLE = Automatic;
				CURRENT_PROJECT_VERSION = 1;
				GENERATE_INFOPLIST_FILE = YES;
				MARKETING_VERSION = 1.0;
				PRODUCT_BUNDLE_IDENTIFIER = com.kulian.SwiftUIClassUITests;
				PRODUCT_NAME = "$(TARGET_NAME)";
				SWIFT_EMIT_LOC_STRINGS = NO;
				SWIFT_VERSION = 5.0;
				TARGETED_DEVICE_FAMILY = "1,2";
				TEST_TARGET_NAME = SwiftUIClass;
			};
			name = Release;
		};
/* End XCBuildConfiguration section */

/* Begin XCConfigurationList section */
		6B8331C82AB20CDD00ADD96B /* Build configuration list for PBXProject "SwiftUIClass" */ = {
			isa = XCConfigurationList;
			buildConfigurations = (
				6B8331EF2AB20CEB00ADD96B /* Debug */,
				6B8331F02AB20CEB00ADD96B /* Release */,
			);
			defaultConfigurationIsVisible = 0;
			defaultConfigurationName = Release;
		};
		6B8331F12AB20CEB00ADD96B /* Build configuration list for PBXNativeTarget "SwiftUIClass" */ = {
			isa = XCConfigurationList;
			buildConfigurations = (
				6B8331F22AB20CEB00ADD96B /* Debug */,
				6B8331F32AB20CEB00ADD96B /* Release */,
			);
			defaultConfigurationIsVisible = 0;
			defaultConfigurationName = Release;
		};
		6B8331F42AB20CEB00ADD96B /* Build configuration list for PBXNativeTarget "SwiftUIClassTests" */ = {
			isa = XCConfigurationList;
			buildConfigurations = (
				6B8331F52AB20CEB00ADD96B /* Debug */,
				6B8331F62AB20CEB00ADD96B /* Release */,
			);
			defaultConfigurationIsVisible = 0;
			defaultConfigurationName = Release;
		};
		6B8331F72AB20CEB00ADD96B /* Build configuration list for PBXNativeTarget "SwiftUIClassUITests" */ = {
			isa = XCConfigurationList;
			buildConfigurations = (
				6B8331F82AB20CEB00ADD96B /* Debug */,
				6B8331F92AB20CEB00ADD96B /* Release */,
			);
			defaultConfigurationIsVisible = 0;
			defaultConfigurationName = Release;
		};
/* End XCConfigurationList section */
	};
	rootObject = 6B8331C52AB20CDD00ADD96B /* Project object */;
}
