// !$*UTF8*$!
{
	archiveVersion = 1;
	classes = {
	};
	objectVersion = 55;
	objects = {

/* Begin PBXBuildFile section */
		313978E13C0D0564DEE33135 /* Pods_SwiftLession01.framework in Frameworks */ = {isa = PBXBuildFile; fileRef = CA58D901ECBAD772897430B9 /* Pods_SwiftLession01.framework */; };
		6B5CF6BE2766EA9200C477A5 /* AppDelegate.swift in Sources */ = {isa = PBXBuildFile; fileRef = 6B5CF6BD2766EA9200C477A5 /* AppDelegate.swift */; };
		6B5CF6C22766EA9200C477A5 /* ViewController.swift in Sources */ = {isa = PBXBuildFile; fileRef = 6B5CF6C12766EA9200C477A5 /* ViewController.swift */; };
		6B5CF6C52766EA9200C477A5 /* Main.storyboard in Resources */ = {isa = PBXBuildFile; fileRef = 6B5CF6C32766EA9200C477A5 /* Main.storyboard */; };
		6B5CF6C72766EA9800C477A5 /* Assets.xcassets in Resources */ = {isa = PBXBuildFile; fileRef = 6B5CF6C62766EA9800C477A5 /* Assets.xcassets */; };
		6B5CF6CA2766EA9800C477A5 /* LaunchScreen.storyboard in Resources */ = {isa = PBXBuildFile; fileRef = 6B5CF6C82766EA9800C477A5 /* LaunchScreen.storyboard */; };
		6B5CF6D52766EA9900C477A5 /* SwiftLession01Tests.swift in Sources */ = {isa = PBXBuildFile; fileRef = 6B5CF6D42766EA9900C477A5 /* SwiftLession01Tests.swift */; };
		6B5CF6DF2766EA9900C477A5 /* SwiftLession01UITests.swift in Sources */ = {isa = PBXBuildFile; fileRef = 6B5CF6DE2766EA9900C477A5 /* SwiftLession01UITests.swift */; };
		6B5CF6E12766EA9900C477A5 /* SwiftLession01UITestsLaunchTests.swift in Sources */ = {isa = PBXBuildFile; fileRef = 6B5CF6E02766EA9900C477A5 /* SwiftLession01UITestsLaunchTests.swift */; };
		6B5CF6EE276730AB00C477A5 /* ThresholdViewController.swift in Sources */ = {isa = PBXBuildFile; fileRef = 6B5CF6ED276730AB00C477A5 /* ThresholdViewController.swift */; };
		6B5CF6F02767350A00C477A5 /* CommentsViewController.swift in Sources */ = {isa = PBXBuildFile; fileRef = 6B5CF6EF2767350A00C477A5 /* CommentsViewController.swift */; };
		6B5CF75D27674AAA00C477A5 /* MarkDownViewController.swift in Sources */ = {isa = PBXBuildFile; fileRef = 6B5CF75C27674AAA00C477A5 /* MarkDownViewController.swift */; };
		6B5CF76227682E3E00C477A5 /* Utils.swift in Sources */ = {isa = PBXBuildFile; fileRef = 6B5CF76127682E3E00C477A5 /* Utils.swift */; };
		6B5CF764276832C200C477A5 /* BaseViewController.swift in Sources */ = {isa = PBXBuildFile; fileRef = 6B5CF763276832C200C477A5 /* BaseViewController.swift */; };
		6B5CF7662768360900C477A5 /* UIKitViewController.swift in Sources */ = {isa = PBXBuildFile; fileRef = 6B5CF7652768360900C477A5 /* UIKitViewController.swift */; };
		6B5CF768276839BD00C477A5 /* Base.geojson in Resources */ = {isa = PBXBuildFile; fileRef = 6B5CF75F27682D6200C477A5 /* Base.geojson */; };
		6B5CF769276839BD00C477A5 /* UIkit.geojson in Resources */ = {isa = PBXBuildFile; fileRef = 6B5CF7672768366900C477A5 /* UIkit.geojson */; };
/* End PBXBuildFile section */

/* Begin PBXContainerItemProxy section */
		6B5CF6D12766EA9900C477A5 /* PBXContainerItemProxy */ = {
			isa = PBXContainerItemProxy;
			containerPortal = 6B5CF6B22766EA9100C477A5 /* Project object */;
			proxyType = 1;
			remoteGlobalIDString = 6B5CF6B92766EA9100C477A5;
			remoteInfo = SwiftLession01;
		};
		6B5CF6DB2766EA9900C477A5 /* PBXContainerItemProxy */ = {
			isa = PBXContainerItemProxy;
			containerPortal = 6B5CF6B22766EA9100C477A5 /* Project object */;
			proxyType = 1;
			remoteGlobalIDString = 6B5CF6B92766EA9100C477A5;
			remoteInfo = SwiftLession01;
		};
/* End PBXContainerItemProxy section */

/* Begin PBXFileReference section */
		21364C005C24C58A6DF1E66A /* Pods-SwiftLession01.debug.xcconfig */ = {isa = PBXFileReference; includeInIndex = 1; lastKnownFileType = text.xcconfig; name = "Pods-SwiftLession01.debug.xcconfig"; path = "Target Support Files/Pods-SwiftLession01/Pods-SwiftLession01.debug.xcconfig"; sourceTree = "<group>"; };
		2FCF26416840A7E2DA0D7CDD /* Pods-SwiftLession01.release.xcconfig */ = {isa = PBXFileReference; includeInIndex = 1; lastKnownFileType = text.xcconfig; name = "Pods-SwiftLession01.release.xcconfig"; path = "Target Support Files/Pods-SwiftLession01/Pods-SwiftLession01.release.xcconfig"; sourceTree = "<group>"; };
		6B5CF6BA2766EA9100C477A5 /* SwiftLession01.app */ = {isa = PBXFileReference; explicitFileType = wrapper.application; includeInIndex = 0; path = SwiftLession01.app; sourceTree = BUILT_PRODUCTS_DIR; };
		6B5CF6BD2766EA9200C477A5 /* AppDelegate.swift */ = {isa = PBXFileReference; lastKnownFileType = sourcecode.swift; path = AppDelegate.swift; sourceTree = "<group>"; };
		6B5CF6C12766EA9200C477A5 /* ViewController.swift */ = {isa = PBXFileReference; lastKnownFileType = sourcecode.swift; path = ViewController.swift; sourceTree = "<group>"; };
		6B5CF6C42766EA9200C477A5 /* Base */ = {isa = PBXFileReference; lastKnownFileType = file.storyboard; name = Base; path = Base.lproj/Main.storyboard; sourceTree = "<group>"; };
		6B5CF6C62766EA9800C477A5 /* Assets.xcassets */ = {isa = PBXFileReference; lastKnownFileType = folder.assetcatalog; path = Assets.xcassets; sourceTree = "<group>"; };
		6B5CF6C92766EA9800C477A5 /* Base */ = {isa = PBXFileReference; lastKnownFileType = file.storyboard; name = Base; path = Base.lproj/LaunchScreen.storyboard; sourceTree = "<group>"; };
		6B5CF6CB2766EA9800C477A5 /* Info.plist */ = {isa = PBXFileReference; lastKnownFileType = text.plist.xml; path = Info.plist; sourceTree = "<group>"; };
		6B5CF6D02766EA9900C477A5 /* SwiftLession01Tests.xctest */ = {isa = PBXFileReference; explicitFileType = wrapper.cfbundle; includeInIndex = 0; path = SwiftLession01Tests.xctest; sourceTree = BUILT_PRODUCTS_DIR; };
		6B5CF6D42766EA9900C477A5 /* SwiftLession01Tests.swift */ = {isa = PBXFileReference; lastKnownFileType = sourcecode.swift; path = SwiftLession01Tests.swift; sourceTree = "<group>"; };
		6B5CF6DA2766EA9900C477A5 /* SwiftLession01UITests.xctest */ = {isa = PBXFileReference; explicitFileType = wrapper.cfbundle; includeInIndex = 0; path = SwiftLession01UITests.xctest; sourceTree = BUILT_PRODUCTS_DIR; };
		6B5CF6DE2766EA9900C477A5 /* SwiftLession01UITests.swift */ = {isa = PBXFileReference; lastKnownFileType = sourcecode.swift; path = SwiftLession01UITests.swift; sourceTree = "<group>"; };
		6B5CF6E02766EA9900C477A5 /* SwiftLession01UITestsLaunchTests.swift */ = {isa = PBXFileReference; lastKnownFileType = sourcecode.swift; path = SwiftLession01UITestsLaunchTests.swift; sourceTree = "<group>"; };
		6B5CF6ED276730AB00C477A5 /* ThresholdViewController.swift */ = {isa = PBXFileReference; lastKnownFileType = sourcecode.swift; path = ThresholdViewController.swift; sourceTree = "<group>"; };
		6B5CF6EF2767350A00C477A5 /* CommentsViewController.swift */ = {isa = PBXFileReference; lastKnownFileType = sourcecode.swift; path = CommentsViewController.swift; sourceTree = "<group>"; };
		6B5CF75C27674AAA00C477A5 /* MarkDownViewController.swift */ = {isa = PBXFileReference; lastKnownFileType = sourcecode.swift; path = MarkDownViewController.swift; sourceTree = "<group>"; };
		6B5CF75F27682D6200C477A5 /* Base.geojson */ = {isa = PBXFileReference; lastKnownFileType = text; path = Base.geojson; sourceTree = "<group>"; };
		6B5CF76127682E3E00C477A5 /* Utils.swift */ = {isa = PBXFileReference; lastKnownFileType = sourcecode.swift; path = Utils.swift; sourceTree = "<group>"; };
		6B5CF763276832C200C477A5 /* BaseViewController.swift */ = {isa = PBXFileReference; lastKnownFileType = sourcecode.swift; path = BaseViewController.swift; sourceTree = "<group>"; };
		6B5CF7652768360900C477A5 /* UIKitViewController.swift */ = {isa = PBXFileReference; lastKnownFileType = sourcecode.swift; path = UIKitViewController.swift; sourceTree = "<group>"; };
		6B5CF7672768366900C477A5 /* UIkit.geojson */ = {isa = PBXFileReference; lastKnownFileType = text; path = UIkit.geojson; sourceTree = "<group>"; };
		CA58D901ECBAD772897430B9 /* Pods_SwiftLession01.framework */ = {isa = PBXFileReference; explicitFileType = wrapper.framework; includeInIndex = 0; path = Pods_SwiftLession01.framework; sourceTree = BUILT_PRODUCTS_DIR; };
/* End PBXFileReference section */

/* Begin PBXFrameworksBuildPhase section */
		6B5CF6B72766EA9100C477A5 /* Frameworks */ = {
			isa = PBXFrameworksBuildPhase;
			buildActionMask = 2147483647;
			files = (
				313978E13C0D0564DEE33135 /* Pods_SwiftLession01.framework in Frameworks */,
			);
			runOnlyForDeploymentPostprocessing = 0;
		};
		6B5CF6CD2766EA9900C477A5 /* Frameworks */ = {
			isa = PBXFrameworksBuildPhase;
			buildActionMask = 2147483647;
			files = (
			);
			runOnlyForDeploymentPostprocessing = 0;
		};
		6B5CF6D72766EA9900C477A5 /* Frameworks */ = {
			isa = PBXFrameworksBuildPhase;
			buildActionMask = 2147483647;
			files = (
			);
			runOnlyForDeploymentPostprocessing = 0;
		};
/* End PBXFrameworksBuildPhase section */

/* Begin PBXGroup section */
		009A0DE0397AC03A11AD120B /* Frameworks */ = {
			isa = PBXGroup;
			children = (
				CA58D901ECBAD772897430B9 /* Pods_SwiftLession01.framework */,
			);
			name = Frameworks;
			sourceTree = "<group>";
		};
		6B5CF6B12766EA9100C477A5 = {
			isa = PBXGroup;
			children = (
				6B5CF6BC2766EA9100C477A5 /* SwiftLession01 */,
				6B5CF6D32766EA9900C477A5 /* SwiftLession01Tests */,
				6B5CF6DD2766EA9900C477A5 /* SwiftLession01UITests */,
				6B5CF6BB2766EA9100C477A5 /* Products */,
				6FEFEA27862A37A3266D2486 /* Pods */,
				009A0DE0397AC03A11AD120B /* Frameworks */,
			);
			sourceTree = "<group>";
		};
		6B5CF6BB2766EA9100C477A5 /* Products */ = {
			isa = PBXGroup;
			children = (
				6B5CF6BA2766EA9100C477A5 /* SwiftLession01.app */,
				6B5CF6D02766EA9900C477A5 /* SwiftLession01Tests.xctest */,
				6B5CF6DA2766EA9900C477A5 /* SwiftLession01UITests.xctest */,
			);
			name = Products;
			sourceTree = "<group>";
		};
		6B5CF6BC2766EA9100C477A5 /* SwiftLession01 */ = {
			isa = PBXGroup;
			children = (
				6B5CF76027682D8200C477A5 /* Utils */,
				6B5CF75E27682D4F00C477A5 /* JSONFile */,
				6B5CF6BD2766EA9200C477A5 /* AppDelegate.swift */,
				6B5CF6C12766EA9200C477A5 /* ViewController.swift */,
				6B5CF6C32766EA9200C477A5 /* Main.storyboard */,
				6B5CF6C62766EA9800C477A5 /* Assets.xcassets */,
				6B5CF6C82766EA9800C477A5 /* LaunchScreen.storyboard */,
				6B5CF6CB2766EA9800C477A5 /* Info.plist */,
				6B5CF6ED276730AB00C477A5 /* ThresholdViewController.swift */,
				6B5CF6EF2767350A00C477A5 /* CommentsViewController.swift */,
				6B5CF75C27674AAA00C477A5 /* MarkDownViewController.swift */,
				6B5CF763276832C200C477A5 /* BaseViewController.swift */,
				6B5CF7652768360900C477A5 /* UIKitViewController.swift */,
			);
			path = SwiftLession01;
			sourceTree = "<group>";
		};
		6B5CF6D32766EA9900C477A5 /* SwiftLession01Tests */ = {
			isa = PBXGroup;
			children = (
				6B5CF6D42766EA9900C477A5 /* SwiftLession01Tests.swift */,
			);
			path = SwiftLession01Tests;
			sourceTree = "<group>";
		};
		6B5CF6DD2766EA9900C477A5 /* SwiftLession01UITests */ = {
			isa = PBXGroup;
			children = (
				6B5CF6DE2766EA9900C477A5 /* SwiftLession01UITests.swift */,
				6B5CF6E02766EA9900C477A5 /* SwiftLession01UITestsLaunchTests.swift */,
			);
			path = SwiftLession01UITests;
			sourceTree = "<group>";
		};
		6B5CF75E27682D4F00C477A5 /* JSONFile */ = {
			isa = PBXGroup;
			children = (
				6B5CF75F27682D6200C477A5 /* Base.geojson */,
				6B5CF7672768366900C477A5 /* UIkit.geojson */,
			);
			path = JSONFile;
			sourceTree = "<group>";
		};
		6B5CF76027682D8200C477A5 /* Utils */ = {
			isa = PBXGroup;
			children = (
				6B5CF76127682E3E00C477A5 /* Utils.swift */,
			);
			path = Utils;
			sourceTree = "<group>";
		};
		6FEFEA27862A37A3266D2486 /* Pods */ = {
			isa = PBXGroup;
			children = (
				21364C005C24C58A6DF1E66A /* Pods-SwiftLession01.debug.xcconfig */,
				2FCF26416840A7E2DA0D7CDD /* Pods-SwiftLession01.release.xcconfig */,
			);
			path = Pods;
			sourceTree = "<group>";
		};
/* End PBXGroup section */

/* Begin PBXNativeTarget section */
		6B5CF6B92766EA9100C477A5 /* SwiftLession01 */ = {
			isa = PBXNativeTarget;
			buildConfigurationList = 6B5CF6E42766EA9900C477A5 /* Build configuration list for PBXNativeTarget "SwiftLession01" */;
			buildPhases = (
				482785F8782582D89CC411A4 /* [CP] Check Pods Manifest.lock */,
				6B5CF6B62766EA9100C477A5 /* Sources */,
				6B5CF6B72766EA9100C477A5 /* Frameworks */,
				6B5CF6B82766EA9100C477A5 /* Resources */,
				F5A94A0B50E938CD758F6561 /* [CP] Embed Pods Frameworks */,
			);
			buildRules = (
			);
			dependencies = (
			);
			name = SwiftLession01;
			productName = SwiftLession01;
			productReference = 6B5CF6BA2766EA9100C477A5 /* SwiftLession01.app */;
			productType = "com.apple.product-type.application";
		};
		6B5CF6CF2766EA9900C477A5 /* SwiftLession01Tests */ = {
			isa = PBXNativeTarget;
			buildConfigurationList = 6B5CF6E72766EA9900C477A5 /* Build configuration list for PBXNativeTarget "SwiftLession01Tests" */;
			buildPhases = (
				6B5CF6CC2766EA9900C477A5 /* Sources */,
				6B5CF6CD2766EA9900C477A5 /* Frameworks */,
				6B5CF6CE2766EA9900C477A5 /* Resources */,
			);
			buildRules = (
			);
			dependencies = (
				6B5CF6D22766EA9900C477A5 /* PBXTargetDependency */,
			);
			name = SwiftLession01Tests;
			productName = SwiftLession01Tests;
			productReference = 6B5CF6D02766EA9900C477A5 /* SwiftLession01Tests.xctest */;
			productType = "com.apple.product-type.bundle.unit-test";
		};
		6B5CF6D92766EA9900C477A5 /* SwiftLession01UITests */ = {
			isa = PBXNativeTarget;
			buildConfigurationList = 6B5CF6EA2766EA9900C477A5 /* Build configuration list for PBXNativeTarget "SwiftLession01UITests" */;
			buildPhases = (
				6B5CF6D62766EA9900C477A5 /* Sources */,
				6B5CF6D72766EA9900C477A5 /* Frameworks */,
				6B5CF6D82766EA9900C477A5 /* Resources */,
			);
			buildRules = (
			);
			dependencies = (
				6B5CF6DC2766EA9900C477A5 /* PBXTargetDependency */,
			);
			name = SwiftLession01UITests;
			productName = SwiftLession01UITests;
			productReference = 6B5CF6DA2766EA9900C477A5 /* SwiftLession01UITests.xctest */;
			productType = "com.apple.product-type.bundle.ui-testing";
		};
/* End PBXNativeTarget section */

/* Begin PBXProject section */
		6B5CF6B22766EA9100C477A5 /* Project object */ = {
			isa = PBXProject;
			attributes = {
				BuildIndependentTargetsInParallel = 1;
				LastSwiftUpdateCheck = 1310;
				LastUpgradeCheck = 1310;
				TargetAttributes = {
					6B5CF6B92766EA9100C477A5 = {
						CreatedOnToolsVersion = 13.1;
					};
					6B5CF6CF2766EA9900C477A5 = {
						CreatedOnToolsVersion = 13.1;
						TestTargetID = 6B5CF6B92766EA9100C477A5;
					};
					6B5CF6D92766EA9900C477A5 = {
						CreatedOnToolsVersion = 13.1;
						TestTargetID = 6B5CF6B92766EA9100C477A5;
					};
				};
			};
			buildConfigurationList = 6B5CF6B52766EA9100C477A5 /* Build configuration list for PBXProject "SwiftLession01" */;
			compatibilityVersion = "Xcode 13.0";
			developmentRegion = en;
			hasScannedForEncodings = 0;
			knownRegions = (
				en,
				Base,
			);
			mainGroup = 6B5CF6B12766EA9100C477A5;
			productRefGroup = 6B5CF6BB2766EA9100C477A5 /* Products */;
			projectDirPath = "";
			projectRoot = "";
			targets = (
				6B5CF6B92766EA9100C477A5 /* SwiftLession01 */,
				6B5CF6CF2766EA9900C477A5 /* SwiftLession01Tests */,
				6B5CF6D92766EA9900C477A5 /* SwiftLession01UITests */,
			);
		};
/* End PBXProject section */

/* Begin PBXResourcesBuildPhase section */
		6B5CF6B82766EA9100C477A5 /* Resources */ = {
			isa = PBXResourcesBuildPhase;
			buildActionMask = 2147483647;
			files = (
				6B5CF768276839BD00C477A5 /* Base.geojson in Resources */,
				6B5CF769276839BD00C477A5 /* UIkit.geojson in Resources */,
				6B5CF6CA2766EA9800C477A5 /* LaunchScreen.storyboard in Resources */,
				6B5CF6C72766EA9800C477A5 /* Assets.xcassets in Resources */,
				6B5CF6C52766EA9200C477A5 /* Main.storyboard in Resources */,
			);
			runOnlyForDeploymentPostprocessing = 0;
		};
		6B5CF6CE2766EA9900C477A5 /* Resources */ = {
			isa = PBXResourcesBuildPhase;
			buildActionMask = 2147483647;
			files = (
			);
			runOnlyForDeploymentPostprocessing = 0;
		};
		6B5CF6D82766EA9900C477A5 /* Resources */ = {
			isa = PBXResourcesBuildPhase;
			buildActionMask = 2147483647;
			files = (
			);
			runOnlyForDeploymentPostprocessing = 0;
		};
/* End PBXResourcesBuildPhase section */

/* Begin PBXShellScriptBuildPhase section */
		482785F8782582D89CC411A4 /* [CP] Check Pods Manifest.lock */ = {
			isa = PBXShellScriptBuildPhase;
			buildActionMask = 2147483647;
			files = (
			);
			inputFileListPaths = (
			);
			inputPaths = (
				"${PODS_PODFILE_DIR_PATH}/Podfile.lock",
				"${PODS_ROOT}/Manifest.lock",
			);
			name = "[CP] Check Pods Manifest.lock";
			outputFileListPaths = (
			);
			outputPaths = (
				"$(DERIVED_FILE_DIR)/Pods-SwiftLession01-checkManifestLockResult.txt",
			);
			runOnlyForDeploymentPostprocessing = 0;
			shellPath = /bin/sh;
			shellScript = "diff \"${PODS_PODFILE_DIR_PATH}/Podfile.lock\" \"${PODS_ROOT}/Manifest.lock\" > /dev/null\nif [ $? != 0 ] ; then\n    # print error to STDERR\n    echo \"error: The sandbox is not in sync with the Podfile.lock. Run 'pod install' or update your CocoaPods installation.\" >&2\n    exit 1\nfi\n# This output is used by Xcode 'outputs' to avoid re-running this script phase.\necho \"SUCCESS\" > \"${SCRIPT_OUTPUT_FILE_0}\"\n";
			showEnvVarsInLog = 0;
		};
		F5A94A0B50E938CD758F6561 /* [CP] Embed Pods Frameworks */ = {
			isa = PBXShellScriptBuildPhase;
			buildActionMask = 2147483647;
			files = (
			);
			inputFileListPaths = (
				"${PODS_ROOT}/Target Support Files/Pods-SwiftLession01/Pods-SwiftLession01-frameworks-${CONFIGURATION}-input-files.xcfilelist",
			);
			name = "[CP] Embed Pods Frameworks";
			outputFileListPaths = (
				"${PODS_ROOT}/Target Support Files/Pods-SwiftLession01/Pods-SwiftLession01-frameworks-${CONFIGURATION}-output-files.xcfilelist",
			);
			runOnlyForDeploymentPostprocessing = 0;
			shellPath = /bin/sh;
			shellScript = "\"${PODS_ROOT}/Target Support Files/Pods-SwiftLession01/Pods-SwiftLession01-frameworks.sh\"\n";
			showEnvVarsInLog = 0;
		};
/* End PBXShellScriptBuildPhase section */

/* Begin PBXSourcesBuildPhase section */
		6B5CF6B62766EA9100C477A5 /* Sources */ = {
			isa = PBXSourcesBuildPhase;
			buildActionMask = 2147483647;
			files = (
				6B5CF6F02767350A00C477A5 /* CommentsViewController.swift in Sources */,
				6B5CF7662768360900C477A5 /* UIKitViewController.swift in Sources */,
				6B5CF6EE276730AB00C477A5 /* ThresholdViewController.swift in Sources */,
				6B5CF6C22766EA9200C477A5 /* ViewController.swift in Sources */,
				6B5CF6BE2766EA9200C477A5 /* AppDelegate.swift in Sources */,
				6B5CF75D27674AAA00C477A5 /* MarkDownViewController.swift in Sources */,
				6B5CF764276832C200C477A5 /* BaseViewController.swift in Sources */,
				6B5CF76227682E3E00C477A5 /* Utils.swift in Sources */,
			);
			runOnlyForDeploymentPostprocessing = 0;
		};
		6B5CF6CC2766EA9900C477A5 /* Sources */ = {
			isa = PBXSourcesBuildPhase;
			buildActionMask = 2147483647;
			files = (
				6B5CF6D52766EA9900C477A5 /* SwiftLession01Tests.swift in Sources */,
			);
			runOnlyForDeploymentPostprocessing = 0;
		};
		6B5CF6D62766EA9900C477A5 /* Sources */ = {
			isa = PBXSourcesBuildPhase;
			buildActionMask = 2147483647;
			files = (
				6B5CF6DF2766EA9900C477A5 /* SwiftLession01UITests.swift in Sources */,
				6B5CF6E12766EA9900C477A5 /* SwiftLession01UITestsLaunchTests.swift in Sources */,
			);
			runOnlyForDeploymentPostprocessing = 0;
		};
/* End PBXSourcesBuildPhase section */

/* Begin PBXTargetDependency section */
		6B5CF6D22766EA9900C477A5 /* PBXTargetDependency */ = {
			isa = PBXTargetDependency;
			target = 6B5CF6B92766EA9100C477A5 /* SwiftLession01 */;
			targetProxy = 6B5CF6D12766EA9900C477A5 /* PBXContainerItemProxy */;
		};
		6B5CF6DC2766EA9900C477A5 /* PBXTargetDependency */ = {
			isa = PBXTargetDependency;
			target = 6B5CF6B92766EA9100C477A5 /* SwiftLession01 */;
			targetProxy = 6B5CF6DB2766EA9900C477A5 /* PBXContainerItemProxy */;
		};
/* End PBXTargetDependency section */

/* Begin PBXVariantGroup section */
		6B5CF6C32766EA9200C477A5 /* Main.storyboard */ = {
			isa = PBXVariantGroup;
			children = (
				6B5CF6C42766EA9200C477A5 /* Base */,
			);
			name = Main.storyboard;
			sourceTree = "<group>";
		};
		6B5CF6C82766EA9800C477A5 /* LaunchScreen.storyboard */ = {
			isa = PBXVariantGroup;
			children = (
				6B5CF6C92766EA9800C477A5 /* Base */,
			);
			name = LaunchScreen.storyboard;
			sourceTree = "<group>";
		};
/* End PBXVariantGroup section */

/* Begin XCBuildConfiguration section */
		6B5CF6E22766EA9900C477A5 /* Debug */ = {
			isa = XCBuildConfiguration;
			buildSettings = {
				ALWAYS_SEARCH_USER_PATHS = NO;
				CLANG_ANALYZER_NONNULL = YES;
				CLANG_ANALYZER_NUMBER_OBJECT_CONVERSION = YES_AGGRESSIVE;
				CLANG_CXX_LANGUAGE_STANDARD = "gnu++17";
				CLANG_CXX_LIBRARY = "libc++";
				CLANG_ENABLE_MODULES = YES;
				CLANG_ENABLE_OBJC_ARC = YES;
				CLANG_ENABLE_OBJC_WEAK = YES;
				CLANG_WARN_BLOCK_CAPTURE_AUTORELEASING = YES;
				CLANG_WARN_BOOL_CONVERSION = YES;
				CLANG_WARN_COMMA = YES;
				CLANG_WARN_CONSTANT_CONVERSION = YES;
				CLANG_WARN_DEPRECATED_OBJC_IMPLEMENTATIONS = YES;
				CLANG_WARN_DIRECT_OBJC_ISA_USAGE = YES_ERROR;
				CLANG_WARN_DOCUMENTATION_COMMENTS = YES;
				CLANG_WARN_EMPTY_BODY = YES;
				CLANG_WARN_ENUM_CONVERSION = YES;
				CLANG_WARN_INFINITE_RECURSION = YES;
				CLANG_WARN_INT_CONVERSION = YES;
				CLANG_WARN_NON_LITERAL_NULL_CONVERSION = YES;
				CLANG_WARN_OBJC_IMPLICIT_RETAIN_SELF = YES;
				CLANG_WARN_OBJC_LITERAL_CONVERSION = YES;
				CLANG_WARN_OBJC_ROOT_CLASS = YES_ERROR;
				CLANG_WARN_QUOTED_INCLUDE_IN_FRAMEWORK_HEADER = YES;
				CLANG_WARN_RANGE_LOOP_ANALYSIS = YES;
				CLANG_WARN_STRICT_PROTOTYPES = YES;
				CLANG_WARN_SUSPICIOUS_MOVE = YES;
				CLANG_WARN_UNGUARDED_AVAILABILITY = YES_AGGRESSIVE;
				CLANG_WARN_UNREACHABLE_CODE = YES;
				CLANG_WARN__DUPLICATE_METHOD_MATCH = YES;
				COPY_PHASE_STRIP = NO;
				DEBUG_INFORMATION_FORMAT = dwarf;
				ENABLE_STRICT_OBJC_MSGSEND = YES;
				ENABLE_TESTABILITY = YES;
				GCC_C_LANGUAGE_STANDARD = gnu11;
				GCC_DYNAMIC_NO_PIC = NO;
				GCC_NO_COMMON_BLOCKS = YES;
				GCC_OPTIMIZATION_LEVEL = 0;
				GCC_PREPROCESSOR_DEFINITIONS = (
					"DEBUG=1",
					"$(inherited)",
				);
				GCC_WARN_64_TO_32_BIT_CONVERSION = YES;
				GCC_WARN_ABOUT_RETURN_TYPE = YES_ERROR;
				GCC_WARN_UNDECLARED_SELECTOR = YES;
				GCC_WARN_UNINITIALIZED_AUTOS = YES_AGGRESSIVE;
				GCC_WARN_UNUSED_FUNCTION = YES;
				GCC_WARN_UNUSED_VARIABLE = YES;
				IPHONEOS_DEPLOYMENT_TARGET = 15.0;
				MTL_ENABLE_DEBUG_INFO = INCLUDE_SOURCE;
				MTL_FAST_MATH = YES;
				ONLY_ACTIVE_ARCH = YES;
				SDKROOT = iphoneos;
				SWIFT_ACTIVE_COMPILATION_CONDITIONS = DEBUG;
				SWIFT_OPTIMIZATION_LEVEL = "-Onone";
			};
			name = Debug;
		};
		6B5CF6E32766EA9900C477A5 /* Release */ = {
			isa = XCBuildConfiguration;
			buildSettings = {
				ALWAYS_SEARCH_USER_PATHS = NO;
				CLANG_ANALYZER_NONNULL = YES;
				CLANG_ANALYZER_NUMBER_OBJECT_CONVERSION = YES_AGGRESSIVE;
				CLANG_CXX_LANGUAGE_STANDARD = "gnu++17";
				CLANG_CXX_LIBRARY = "libc++";
				CLANG_ENABLE_MODULES = YES;
				CLANG_ENABLE_OBJC_ARC = YES;
				CLANG_ENABLE_OBJC_WEAK = YES;
				CLANG_WARN_BLOCK_CAPTURE_AUTORELEASING = YES;
				CLANG_WARN_BOOL_CONVERSION = YES;
				CLANG_WARN_COMMA = YES;
				CLANG_WARN_CONSTANT_CONVERSION = YES;
				CLANG_WARN_DEPRECATED_OBJC_IMPLEMENTATIONS = YES;
				CLANG_WARN_DIRECT_OBJC_ISA_USAGE = YES_ERROR;
				CLANG_WARN_DOCUMENTATION_COMMENTS = YES;
				CLANG_WARN_EMPTY_BODY = YES;
				CLANG_WARN_ENUM_CONVERSION = YES;
				CLANG_WARN_INFINITE_RECURSION = YES;
				CLANG_WARN_INT_CONVERSION = YES;
				CLANG_WARN_NON_LITERAL_NULL_CONVERSION = YES;
				CLANG_WARN_OBJC_IMPLICIT_RETAIN_SELF = YES;
				CLANG_WARN_OBJC_LITERAL_CONVERSION = YES;
				CLANG_WARN_OBJC_ROOT_CLASS = YES_ERROR;
				CLANG_WARN_QUOTED_INCLUDE_IN_FRAMEWORK_HEADER = YES;
				CLANG_WARN_RANGE_LOOP_ANALYSIS = YES;
				CLANG_WARN_STRICT_PROTOTYPES = YES;
				CLANG_WARN_SUSPICIOUS_MOVE = YES;
				CLANG_WARN_UNGUARDED_AVAILABILITY = YES_AGGRESSIVE;
				CLANG_WARN_UNREACHABLE_CODE = YES;
				CLANG_WARN__DUPLICATE_METHOD_MATCH = YES;
				COPY_PHASE_STRIP = NO;
				DEBUG_INFORMATION_FORMAT = "dwarf-with-dsym";
				ENABLE_NS_ASSERTIONS = NO;
				ENABLE_STRICT_OBJC_MSGSEND = YES;
				GCC_C_LANGUAGE_STANDARD = gnu11;
				GCC_NO_COMMON_BLOCKS = YES;
				GCC_WARN_64_TO_32_BIT_CONVERSION = YES;
				GCC_WARN_ABOUT_RETURN_TYPE = YES_ERROR;
				GCC_WARN_UNDECLARED_SELECTOR = YES;
				GCC_WARN_UNINITIALIZED_AUTOS = YES_AGGRESSIVE;
				GCC_WARN_UNUSED_FUNCTION = YES;
				GCC_WARN_UNUSED_VARIABLE = YES;
				IPHONEOS_DEPLOYMENT_TARGET = 15.0;
				MTL_ENABLE_DEBUG_INFO = NO;
				MTL_FAST_MATH = YES;
				SDKROOT = iphoneos;
				SWIFT_COMPILATION_MODE = wholemodule;
				SWIFT_OPTIMIZATION_LEVEL = "-O";
				VALIDATE_PRODUCT = YES;
			};
			name = Release;
		};
		6B5CF6E52766EA9900C477A5 /* Debug */ = {
			isa = XCBuildConfiguration;
			baseConfigurationReference = 21364C005C24C58A6DF1E66A /* Pods-SwiftLession01.debug.xcconfig */;
			buildSettings = {
				ASSETCATALOG_COMPILER_APPICON_NAME = AppIcon;
				ASSETCATALOG_COMPILER_GLOBAL_ACCENT_COLOR_NAME = AccentColor;
				CODE_SIGN_STYLE = Automatic;
				CURRENT_PROJECT_VERSION = 1;
				DEVELOPMENT_TEAM = A7NN4D42A9;
				GENERATE_INFOPLIST_FILE = YES;
				INFOPLIST_FILE = SwiftLession01/Info.plist;
				INFOPLIST_KEY_UIApplicationSupportsIndirectInputEvents = YES;
				INFOPLIST_KEY_UILaunchStoryboardName = LaunchScreen;
				INFOPLIST_KEY_UIMainStoryboardFile = Main;
				INFOPLIST_KEY_UISupportedInterfaceOrientations = UIInterfaceOrientationPortrait;
				INFOPLIST_KEY_UISupportedInterfaceOrientations_iPad = "UIInterfaceOrientationPortrait UIInterfaceOrientationPortraitUpsideDown UIInterfaceOrientationLandscapeLeft UIInterfaceOrientationLandscapeRight";
				INFOPLIST_KEY_UISupportedInterfaceOrientations_iPhone = "UIInterfaceOrientationPortrait UIInterfaceOrientationLandscapeLeft UIInterfaceOrientationLandscapeRight";
				LD_RUNPATH_SEARCH_PATHS = (
					"$(inherited)",
					"@executable_path/Frameworks",
				);
				MARKETING_VERSION = 1.0;
				PRODUCT_BUNDLE_IDENTIFIER = WJX.SwiftLession01;
				PRODUCT_NAME = "$(TARGET_NAME)";
				SWIFT_EMIT_LOC_STRINGS = YES;
				SWIFT_VERSION = 5.0;
				TARGETED_DEVICE_FAMILY = 1;
			};
			name = Debug;
		};
		6B5CF6E62766EA9900C477A5 /* Release */ = {
			isa = XCBuildConfiguration;
			baseConfigurationReference = 2FCF26416840A7E2DA0D7CDD /* Pods-SwiftLession01.release.xcconfig */;
			buildSettings = {
				ASSETCATALOG_COMPILER_APPICON_NAME = AppIcon;
				ASSETCATALOG_COMPILER_GLOBAL_ACCENT_COLOR_NAME = AccentColor;
				CODE_SIGN_STYLE = Automatic;
				CURRENT_PROJECT_VERSION = 1;
				DEVELOPMENT_TEAM = A7NN4D42A9;
				GENERATE_INFOPLIST_FILE = YES;
				INFOPLIST_FILE = SwiftLession01/Info.plist;
				INFOPLIST_KEY_UIApplicationSupportsIndirectInputEvents = YES;
				INFOPLIST_KEY_UILaunchStoryboardName = LaunchScreen;
				INFOPLIST_KEY_UIMainStoryboardFile = Main;
				INFOPLIST_KEY_UISupportedInterfaceOrientations = UIInterfaceOrientationPortrait;
				INFOPLIST_KEY_UISupportedInterfaceOrientations_iPad = "UIInterfaceOrientationPortrait UIInterfaceOrientationPortraitUpsideDown UIInterfaceOrientationLandscapeLeft UIInterfaceOrientationLandscapeRight";
				INFOPLIST_KEY_UISupportedInterfaceOrientations_iPhone = "UIInterfaceOrientationPortrait UIInterfaceOrientationLandscapeLeft UIInterfaceOrientationLandscapeRight";
				LD_RUNPATH_SEARCH_PATHS = (
					"$(inherited)",
					"@executable_path/Frameworks",
				);
				MARKETING_VERSION = 1.0;
				PRODUCT_BUNDLE_IDENTIFIER = WJX.SwiftLession01;
				PRODUCT_NAME = "$(TARGET_NAME)";
				SWIFT_EMIT_LOC_STRINGS = YES;
				SWIFT_VERSION = 5.0;
				TARGETED_DEVICE_FAMILY = 1;
			};
			name = Release;
		};
		6B5CF6E82766EA9900C477A5 /* Debug */ = {
			isa = XCBuildConfiguration;
			buildSettings = {
				ALWAYS_EMBED_SWIFT_STANDARD_LIBRARIES = YES;
				BUNDLE_LOADER = "$(TEST_HOST)";
				CODE_SIGN_STYLE = Automatic;
				CURRENT_PROJECT_VERSION = 1;
				DEVELOPMENT_TEAM = A7NN4D42A9;
				GENERATE_INFOPLIST_FILE = YES;
				IPHONEOS_DEPLOYMENT_TARGET = 15.0;
				LD_RUNPATH_SEARCH_PATHS = (
					"$(inherited)",
					"@executable_path/Frameworks",
					"@loader_path/Frameworks",
				);
				MARKETING_VERSION = 1.0;
				PRODUCT_BUNDLE_IDENTIFIER = WJX.SwiftLession01Tests;
				PRODUCT_NAME = "$(TARGET_NAME)";
				SWIFT_EMIT_LOC_STRINGS = NO;
				SWIFT_VERSION = 5.0;
				TARGETED_DEVICE_FAMILY = "1,2";
				TEST_HOST = "$(BUILT_PRODUCTS_DIR)/SwiftLession01.app/SwiftLession01";
			};
			name = Debug;
		};
		6B5CF6E92766EA9900C477A5 /* Release */ = {
			isa = XCBuildConfiguration;
			buildSettings = {
				ALWAYS_EMBED_SWIFT_STANDARD_LIBRARIES = YES;
				BUNDLE_LOADER = "$(TEST_HOST)";
				CODE_SIGN_STYLE = Automatic;
				CURRENT_PROJECT_VERSION = 1;
				DEVELOPMENT_TEAM = A7NN4D42A9;
				GENERATE_INFOPLIST_FILE = YES;
				IPHONEOS_DEPLOYMENT_TARGET = 15.0;
				LD_RUNPATH_SEARCH_PATHS = (
					"$(inherited)",
					"@executable_path/Frameworks",
					"@loader_path/Frameworks",
				);
				MARKETING_VERSION = 1.0;
				PRODUCT_BUNDLE_IDENTIFIER = WJX.SwiftLession01Tests;
				PRODUCT_NAME = "$(TARGET_NAME)";
				SWIFT_EMIT_LOC_STRINGS = NO;
				SWIFT_VERSION = 5.0;
				TARGETED_DEVICE_FAMILY = "1,2";
				TEST_HOST = "$(BUILT_PRODUCTS_DIR)/SwiftLession01.app/SwiftLession01";
			};
			name = Release;
		};
		6B5CF6EB2766EA9900C477A5 /* Debug */ = {
			isa = XCBuildConfiguration;
			buildSettings = {
				ALWAYS_EMBED_SWIFT_STANDARD_LIBRARIES = YES;
				CODE_SIGN_STYLE = Automatic;
				CURRENT_PROJECT_VERSION = 1;
				DEVELOPMENT_TEAM = A7NN4D42A9;
				GENERATE_INFOPLIST_FILE = YES;
				LD_RUNPATH_SEARCH_PATHS = (
					"$(inherited)",
					"@executable_path/Frameworks",
					"@loader_path/Frameworks",
				);
				MARKETING_VERSION = 1.0;
				PRODUCT_BUNDLE_IDENTIFIER = WJX.SwiftLession01UITests;
				PRODUCT_NAME = "$(TARGET_NAME)";
				SWIFT_EMIT_LOC_STRINGS = NO;
				SWIFT_VERSION = 5.0;
				TARGETED_DEVICE_FAMILY = "1,2";
				TEST_TARGET_NAME = SwiftLession01;
			};
			name = Debug;
		};
		6B5CF6EC2766EA9900C477A5 /* Release */ = {
			isa = XCBuildConfiguration;
			buildSettings = {
				ALWAYS_EMBED_SWIFT_STANDARD_LIBRARIES = YES;
				CODE_SIGN_STYLE = Automatic;
				CURRENT_PROJECT_VERSION = 1;
				DEVELOPMENT_TEAM = A7NN4D42A9;
				GENERATE_INFOPLIST_FILE = YES;
				LD_RUNPATH_SEARCH_PATHS = (
					"$(inherited)",
					"@executable_path/Frameworks",
					"@loader_path/Frameworks",
				);
				MARKETING_VERSION = 1.0;
				PRODUCT_BUNDLE_IDENTIFIER = WJX.SwiftLession01UITests;
				PRODUCT_NAME = "$(TARGET_NAME)";
				SWIFT_EMIT_LOC_STRINGS = NO;
				SWIFT_VERSION = 5.0;
				TARGETED_DEVICE_FAMILY = "1,2";
				TEST_TARGET_NAME = SwiftLession01;
			};
			name = Release;
		};
/* End XCBuildConfiguration section */

/* Begin XCConfigurationList section */
		6B5CF6B52766EA9100C477A5 /* Build configuration list for PBXProject "SwiftLession01" */ = {
			isa = XCConfigurationList;
			buildConfigurations = (
				6B5CF6E22766EA9900C477A5 /* Debug */,
				6B5CF6E32766EA9900C477A5 /* Release */,
			);
			defaultConfigurationIsVisible = 0;
			defaultConfigurationName = Release;
		};
		6B5CF6E42766EA9900C477A5 /* Build configuration list for PBXNativeTarget "SwiftLession01" */ = {
			isa = XCConfigurationList;
			buildConfigurations = (
				6B5CF6E52766EA9900C477A5 /* Debug */,
				6B5CF6E62766EA9900C477A5 /* Release */,
			);
			defaultConfigurationIsVisible = 0;
			defaultConfigurationName = Release;
		};
		6B5CF6E72766EA9900C477A5 /* Build configuration list for PBXNativeTarget "SwiftLession01Tests" */ = {
			isa = XCConfigurationList;
			buildConfigurations = (
				6B5CF6E82766EA9900C477A5 /* Debug */,
				6B5CF6E92766EA9900C477A5 /* Release */,
			);
			defaultConfigurationIsVisible = 0;
			defaultConfigurationName = Release;
		};
		6B5CF6EA2766EA9900C477A5 /* Build configuration list for PBXNativeTarget "SwiftLession01UITests" */ = {
			isa = XCConfigurationList;
			buildConfigurations = (
				6B5CF6EB2766EA9900C477A5 /* Debug */,
				6B5CF6EC2766EA9900C477A5 /* Release */,
			);
			defaultConfigurationIsVisible = 0;
			defaultConfigurationName = Release;
		};
/* End XCConfigurationList section */
	};
	rootObject = 6B5CF6B22766EA9100C477A5 /* Project object */;
}
